// !$*UTF8*$!
{
	archiveVersion = 1;
	classes = {
	};
	objectVersion = 50;
	objects = {

/* Begin PBXBuildFile section */
		CAD8D2AA2515CF1000DDCD3D /* AppDelegate.swift in Sources */ = {isa = PBXBuildFile; fileRef = CAD8D2A92515CF1000DDCD3D /* AppDelegate.swift */; };
		CAD8D2AC2515CF1000DDCD3D /* SceneDelegate.swift in Sources */ = {isa = PBXBuildFile; fileRef = CAD8D2AB2515CF1000DDCD3D /* SceneDelegate.swift */; };
		CAD8D2AE2515CF1000DDCD3D /* ViewController.swift in Sources */ = {isa = PBXBuildFile; fileRef = CAD8D2AD2515CF1000DDCD3D /* ViewController.swift */; };
		CAD8D2B12515CF1000DDCD3D /* Main.storyboard in Resources */ = {isa = PBXBuildFile; fileRef = CAD8D2AF2515CF1000DDCD3D /* Main.storyboard */; };
		CAD8D2B42515CF1000DDCD3D /* dozeevital.xcdatamodeld in Sources */ = {isa = PBXBuildFile; fileRef = CAD8D2B22515CF1000DDCD3D /* dozeevital.xcdatamodeld */; };
		CAD8D2B62515CF1D00DDCD3D /* Assets.xcassets in Resources */ = {isa = PBXBuildFile; fileRef = CAD8D2B52515CF1D00DDCD3D /* Assets.xcassets */; };
		CAD8D2B92515CF1D00DDCD3D /* LaunchScreen.storyboard in Resources */ = {isa = PBXBuildFile; fileRef = CAD8D2B72515CF1D00DDCD3D /* LaunchScreen.storyboard */; };
		CAD8D2C42515CF1E00DDCD3D /* dozeevitalTests.swift in Sources */ = {isa = PBXBuildFile; fileRef = CAD8D2C32515CF1E00DDCD3D /* dozeevitalTests.swift */; };
		CAD8D2CF2515CF1F00DDCD3D /* dozeevitalUITests.swift in Sources */ = {isa = PBXBuildFile; fileRef = CAD8D2CE2515CF1F00DDCD3D /* dozeevitalUITests.swift */; };
/* End PBXBuildFile section */

/* Begin PBXContainerItemProxy section */
		CAD8D2C02515CF1E00DDCD3D /* PBXContainerItemProxy */ = {
			isa = PBXContainerItemProxy;
			containerPortal = CAD8D29E2515CF0F00DDCD3D /* Project object */;
			proxyType = 1;
			remoteGlobalIDString = CAD8D2A52515CF1000DDCD3D;
			remoteInfo = dozeevital;
		};
		CAD8D2CB2515CF1E00DDCD3D /* PBXContainerItemProxy */ = {
			isa = PBXContainerItemProxy;
			containerPortal = CAD8D29E2515CF0F00DDCD3D /* Project object */;
			proxyType = 1;
			remoteGlobalIDString = CAD8D2A52515CF1000DDCD3D;
			remoteInfo = dozeevital;
		};
/* End PBXContainerItemProxy section */

/* Begin PBXFileReference section */
		CAD8D2A62515CF1000DDCD3D /* dozeevital.app */ = {isa = PBXFileReference; explicitFileType = wrapper.application; includeInIndex = 0; path = dozeevital.app; sourceTree = BUILT_PRODUCTS_DIR; };
		CAD8D2A92515CF1000DDCD3D /* AppDelegate.swift */ = {isa = PBXFileReference; lastKnownFileType = sourcecode.swift; path = AppDelegate.swift; sourceTree = "<group>"; };
		CAD8D2AB2515CF1000DDCD3D /* SceneDelegate.swift */ = {isa = PBXFileReference; lastKnownFileType = sourcecode.swift; path = SceneDelegate.swift; sourceTree = "<group>"; };
		CAD8D2AD2515CF1000DDCD3D /* ViewController.swift */ = {isa = PBXFileReference; lastKnownFileType = sourcecode.swift; path = ViewController.swift; sourceTree = "<group>"; };
		CAD8D2B02515CF1000DDCD3D /* Base */ = {isa = PBXFileReference; lastKnownFileType = file.storyboard; name = Base; path = Base.lproj/Main.storyboard; sourceTree = "<group>"; };
		CAD8D2B32515CF1000DDCD3D /* dozeevital.xcdatamodel */ = {isa = PBXFileReference; lastKnownFileType = wrapper.xcdatamodel; path = dozeevital.xcdatamodel; sourceTree = "<group>"; };
		CAD8D2B52515CF1D00DDCD3D /* Assets.xcassets */ = {isa = PBXFileReference; lastKnownFileType = folder.assetcatalog; path = Assets.xcassets; sourceTree = "<group>"; };
		CAD8D2B82515CF1D00DDCD3D /* Base */ = {isa = PBXFileReference; lastKnownFileType = file.storyboard; name = Base; path = Base.lproj/LaunchScreen.storyboard; sourceTree = "<group>"; };
		CAD8D2BA2515CF1D00DDCD3D /* Info.plist */ = {isa = PBXFileReference; lastKnownFileType = text.plist.xml; path = Info.plist; sourceTree = "<group>"; };
		CAD8D2BF2515CF1E00DDCD3D /* dozeevitalTests.xctest */ = {isa = PBXFileReference; explicitFileType = wrapper.cfbundle; includeInIndex = 0; path = dozeevitalTests.xctest; sourceTree = BUILT_PRODUCTS_DIR; };
		CAD8D2C32515CF1E00DDCD3D /* dozeevitalTests.swift */ = {isa = PBXFileReference; lastKnownFileType = sourcecode.swift; path = dozeevitalTests.swift; sourceTree = "<group>"; };
		CAD8D2C52515CF1E00DDCD3D /* Info.plist */ = {isa = PBXFileReference; lastKnownFileType = text.plist.xml; path = Info.plist; sourceTree = "<group>"; };
		CAD8D2CA2515CF1E00DDCD3D /* dozeevitalUITests.xctest */ = {isa = PBXFileReference; explicitFileType = wrapper.cfbundle; includeInIndex = 0; path = dozeevitalUITests.xctest; sourceTree = BUILT_PRODUCTS_DIR; };
		CAD8D2CE2515CF1F00DDCD3D /* dozeevitalUITests.swift */ = {isa = PBXFileReference; lastKnownFileType = sourcecode.swift; path = dozeevitalUITests.swift; sourceTree = "<group>"; };
		CAD8D2D02515CF1F00DDCD3D /* Info.plist */ = {isa = PBXFileReference; lastKnownFileType = text.plist.xml; path = Info.plist; sourceTree = "<group>"; };
/* End PBXFileReference section */

/* Begin PBXFrameworksBuildPhase section */
		CAD8D2A32515CF1000DDCD3D /* Frameworks */ = {
			isa = PBXFrameworksBuildPhase;
			buildActionMask = 2147483647;
			files = (
			);
			runOnlyForDeploymentPostprocessing = 0;
		};
		CAD8D2BC2515CF1E00DDCD3D /* Frameworks */ = {
			isa = PBXFrameworksBuildPhase;
			buildActionMask = 2147483647;
			files = (
			);
			runOnlyForDeploymentPostprocessing = 0;
		};
		CAD8D2C72515CF1E00DDCD3D /* Frameworks */ = {
			isa = PBXFrameworksBuildPhase;
			buildActionMask = 2147483647;
			files = (
			);
			runOnlyForDeploymentPostprocessing = 0;
		};
/* End PBXFrameworksBuildPhase section */

/* Begin PBXGroup section */
		CAD8D29D2515CF0F00DDCD3D = {
			isa = PBXGroup;
			children = (
				CAD8D2A82515CF1000DDCD3D /* dozeevital */,
				CAD8D2C22515CF1E00DDCD3D /* dozeevitalTests */,
				CAD8D2CD2515CF1F00DDCD3D /* dozeevitalUITests */,
				CAD8D2A72515CF1000DDCD3D /* Products */,
			);
			sourceTree = "<group>";
		};
		CAD8D2A72515CF1000DDCD3D /* Products */ = {
			isa = PBXGroup;
			children = (
				CAD8D2A62515CF1000DDCD3D /* dozeevital.app */,
				CAD8D2BF2515CF1E00DDCD3D /* dozeevitalTests.xctest */,
				CAD8D2CA2515CF1E00DDCD3D /* dozeevitalUITests.xctest */,
			);
			name = Products;
			sourceTree = "<group>";
		};
		CAD8D2A82515CF1000DDCD3D /* dozeevital */ = {
			isa = PBXGroup;
			children = (
				CAD8D2A92515CF1000DDCD3D /* AppDelegate.swift */,
				CAD8D2AB2515CF1000DDCD3D /* SceneDelegate.swift */,
				CAD8D2AD2515CF1000DDCD3D /* ViewController.swift */,
				CAD8D2AF2515CF1000DDCD3D /* Main.storyboard */,
				CAD8D2B52515CF1D00DDCD3D /* Assets.xcassets */,
				CAD8D2B72515CF1D00DDCD3D /* LaunchScreen.storyboard */,
				CAD8D2BA2515CF1D00DDCD3D /* Info.plist */,
				CAD8D2B22515CF1000DDCD3D /* dozeevital.xcdatamodeld */,
			);
			path = dozeevital;
			sourceTree = "<group>";
		};
		CAD8D2C22515CF1E00DDCD3D /* dozeevitalTests */ = {
			isa = PBXGroup;
			children = (
				CAD8D2C32515CF1E00DDCD3D /* dozeevitalTests.swift */,
				CAD8D2C52515CF1E00DDCD3D /* Info.plist */,
			);
			path = dozeevitalTests;
			sourceTree = "<group>";
		};
		CAD8D2CD2515CF1F00DDCD3D /* dozeevitalUITests */ = {
			isa = PBXGroup;
			children = (
				CAD8D2CE2515CF1F00DDCD3D /* dozeevitalUITests.swift */,
				CAD8D2D02515CF1F00DDCD3D /* Info.plist */,
			);
			path = dozeevitalUITests;
			sourceTree = "<group>";
		};
/* End PBXGroup section */

/* Begin PBXNativeTarget section */
		CAD8D2A52515CF1000DDCD3D /* dozeevital */ = {
			isa = PBXNativeTarget;
			buildConfigurationList = CAD8D2D32515CF1F00DDCD3D /* Build configuration list for PBXNativeTarget "dozeevital" */;
			buildPhases = (
				CAD8D2A22515CF1000DDCD3D /* Sources */,
				CAD8D2A32515CF1000DDCD3D /* Frameworks */,
				CAD8D2A42515CF1000DDCD3D /* Resources */,
			);
			buildRules = (
			);
			dependencies = (
			);
			name = dozeevital;
			productName = dozeevital;
			productReference = CAD8D2A62515CF1000DDCD3D /* dozeevital.app */;
			productType = "com.apple.product-type.application";
		};
		CAD8D2BE2515CF1E00DDCD3D /* dozeevitalTests */ = {
			isa = PBXNativeTarget;
			buildConfigurationList = CAD8D2D62515CF1F00DDCD3D /* Build configuration list for PBXNativeTarget "dozeevitalTests" */;
			buildPhases = (
				CAD8D2BB2515CF1E00DDCD3D /* Sources */,
				CAD8D2BC2515CF1E00DDCD3D /* Frameworks */,
				CAD8D2BD2515CF1E00DDCD3D /* Resources */,
			);
			buildRules = (
			);
			dependencies = (
				CAD8D2C12515CF1E00DDCD3D /* PBXTargetDependency */,
			);
			name = dozeevitalTests;
			productName = dozeevitalTests;
			productReference = CAD8D2BF2515CF1E00DDCD3D /* dozeevitalTests.xctest */;
			productType = "com.apple.product-type.bundle.unit-test";
		};
		CAD8D2C92515CF1E00DDCD3D /* dozeevitalUITests */ = {
			isa = PBXNativeTarget;
			buildConfigurationList = CAD8D2D92515CF1F00DDCD3D /* Build configuration list for PBXNativeTarget "dozeevitalUITests" */;
			buildPhases = (
				CAD8D2C62515CF1E00DDCD3D /* Sources */,
				CAD8D2C72515CF1E00DDCD3D /* Frameworks */,
				CAD8D2C82515CF1E00DDCD3D /* Resources */,
			);
			buildRules = (
			);
			dependencies = (
				CAD8D2CC2515CF1E00DDCD3D /* PBXTargetDependency */,
			);
			name = dozeevitalUITests;
			productName = dozeevitalUITests;
			productReference = CAD8D2CA2515CF1E00DDCD3D /* dozeevitalUITests.xctest */;
			productType = "com.apple.product-type.bundle.ui-testing";
		};
/* End PBXNativeTarget section */

/* Begin PBXProject section */
		CAD8D29E2515CF0F00DDCD3D /* Project object */ = {
			isa = PBXProject;
			attributes = {
				LastSwiftUpdateCheck = 1200;
				LastUpgradeCheck = 1200;
				TargetAttributes = {
					CAD8D2A52515CF1000DDCD3D = {
						CreatedOnToolsVersion = 12.0;
					};
					CAD8D2BE2515CF1E00DDCD3D = {
						CreatedOnToolsVersion = 12.0;
						TestTargetID = CAD8D2A52515CF1000DDCD3D;
					};
					CAD8D2C92515CF1E00DDCD3D = {
						CreatedOnToolsVersion = 12.0;
						TestTargetID = CAD8D2A52515CF1000DDCD3D;
					};
				};
			};
			buildConfigurationList = CAD8D2A12515CF0F00DDCD3D /* Build configuration list for PBXProject "dozeevital" */;
			compatibilityVersion = "Xcode 9.3";
			developmentRegion = en;
			hasScannedForEncodings = 0;
			knownRegions = (
				en,
				Base,
			);
			mainGroup = CAD8D29D2515CF0F00DDCD3D;
			productRefGroup = CAD8D2A72515CF1000DDCD3D /* Products */;
			projectDirPath = "";
			projectRoot = "";
			targets = (
				CAD8D2A52515CF1000DDCD3D /* dozeevital */,
				CAD8D2BE2515CF1E00DDCD3D /* dozeevitalTests */,
				CAD8D2C92515CF1E00DDCD3D /* dozeevitalUITests */,
			);
		};
/* End PBXProject section */

/* Begin PBXResourcesBuildPhase section */
		CAD8D2A42515CF1000DDCD3D /* Resources */ = {
			isa = PBXResourcesBuildPhase;
			buildActionMask = 2147483647;
			files = (
				CAD8D2B92515CF1D00DDCD3D /* LaunchScreen.storyboard in Resources */,
				CAD8D2B62515CF1D00DDCD3D /* Assets.xcassets in Resources */,
				CAD8D2B12515CF1000DDCD3D /* Main.storyboard in Resources */,
			);
			runOnlyForDeploymentPostprocessing = 0;
		};
		CAD8D2BD2515CF1E00DDCD3D /* Resources */ = {
			isa = PBXResourcesBuildPhase;
			buildActionMask = 2147483647;
			files = (
			);
			runOnlyForDeploymentPostprocessing = 0;
		};
		CAD8D2C82515CF1E00DDCD3D /* Resources */ = {
			isa = PBXResourcesBuildPhase;
			buildActionMask = 2147483647;
			files = (
			);
			runOnlyForDeploymentPostprocessing = 0;
		};
/* End PBXResourcesBuildPhase section */

/* Begin PBXSourcesBuildPhase section */
		CAD8D2A22515CF1000DDCD3D /* Sources */ = {
			isa = PBXSourcesBuildPhase;
			buildActionMask = 2147483647;
			files = (
				CAD8D2AE2515CF1000DDCD3D /* ViewController.swift in Sources */,
				CAD8D2AA2515CF1000DDCD3D /* AppDelegate.swift in Sources */,
				CAD8D2B42515CF1000DDCD3D /* dozeevital.xcdatamodeld in Sources */,
				CAD8D2AC2515CF1000DDCD3D /* SceneDelegate.swift in Sources */,
			);
			runOnlyForDeploymentPostprocessing = 0;
		};
		CAD8D2BB2515CF1E00DDCD3D /* Sources */ = {
			isa = PBXSourcesBuildPhase;
			buildActionMask = 2147483647;
			files = (
				CAD8D2C42515CF1E00DDCD3D /* dozeevitalTests.swift in Sources */,
			);
			runOnlyForDeploymentPostprocessing = 0;
		};
		CAD8D2C62515CF1E00DDCD3D /* Sources */ = {
			isa = PBXSourcesBuildPhase;
			buildActionMask = 2147483647;
			files = (
				CAD8D2CF2515CF1F00DDCD3D /* dozeevitalUITests.swift in Sources */,
			);
			runOnlyForDeploymentPostprocessing = 0;
		};
/* End PBXSourcesBuildPhase section */

/* Begin PBXTargetDependency section */
		CAD8D2C12515CF1E00DDCD3D /* PBXTargetDependency */ = {
			isa = PBXTargetDependency;
			target = CAD8D2A52515CF1000DDCD3D /* dozeevital */;
			targetProxy = CAD8D2C02515CF1E00DDCD3D /* PBXContainerItemProxy */;
		};
		CAD8D2CC2515CF1E00DDCD3D /* PBXTargetDependency */ = {
			isa = PBXTargetDependency;
			target = CAD8D2A52515CF1000DDCD3D /* dozeevital */;
			targetProxy = CAD8D2CB2515CF1E00DDCD3D /* PBXContainerItemProxy */;
		};
/* End PBXTargetDependency section */

/* Begin PBXVariantGroup section */
		CAD8D2AF2515CF1000DDCD3D /* Main.storyboard */ = {
			isa = PBXVariantGroup;
			children = (
				CAD8D2B02515CF1000DDCD3D /* Base */,
			);
			name = Main.storyboard;
			sourceTree = "<group>";
		};
		CAD8D2B72515CF1D00DDCD3D /* LaunchScreen.storyboard */ = {
			isa = PBXVariantGroup;
			children = (
				CAD8D2B82515CF1D00DDCD3D /* Base */,
			);
			name = LaunchScreen.storyboard;
			sourceTree = "<group>";
		};
/* End PBXVariantGroup section */

/* Begin XCBuildConfiguration section */
		CAD8D2D12515CF1F00DDCD3D /* Debug */ = {
			isa = XCBuildConfiguration;
			buildSettings = {
				ALWAYS_SEARCH_USER_PATHS = NO;
				CLANG_ANALYZER_NONNULL = YES;
				CLANG_ANALYZER_NUMBER_OBJECT_CONVERSION = YES_AGGRESSIVE;
				CLANG_CXX_LANGUAGE_STANDARD = "gnu++14";
				CLANG_CXX_LIBRARY = "libc++";
				CLANG_ENABLE_MODULES = YES;
				CLANG_ENABLE_OBJC_ARC = YES;
				CLANG_ENABLE_OBJC_WEAK = YES;
				CLANG_WARN_BLOCK_CAPTURE_AUTORELEASING = YES;
				CLANG_WARN_BOOL_CONVERSION = YES;
				CLANG_WARN_COMMA = YES;
				CLANG_WARN_CONSTANT_CONVERSION = YES;
				CLANG_WARN_DEPRECATED_OBJC_IMPLEMENTATIONS = YES;
				CLANG_WARN_DIRECT_OBJC_ISA_USAGE = YES_ERROR;
				CLANG_WARN_DOCUMENTATION_COMMENTS = YES;
				CLANG_WARN_EMPTY_BODY = YES;
				CLANG_WARN_ENUM_CONVERSION = YES;
				CLANG_WARN_INFINITE_RECURSION = YES;
				CLANG_WARN_INT_CONVERSION = YES;
				CLANG_WARN_NON_LITERAL_NULL_CONVERSION = YES;
				CLANG_WARN_OBJC_IMPLICIT_RETAIN_SELF = YES;
				CLANG_WARN_OBJC_LITERAL_CONVERSION = YES;
				CLANG_WARN_OBJC_ROOT_CLASS = YES_ERROR;
				CLANG_WARN_QUOTED_INCLUDE_IN_FRAMEWORK_HEADER = YES;
				CLANG_WARN_RANGE_LOOP_ANALYSIS = YES;
				CLANG_WARN_STRICT_PROTOTYPES = YES;
				CLANG_WARN_SUSPICIOUS_MOVE = YES;
				CLANG_WARN_UNGUARDED_AVAILABILITY = YES_AGGRESSIVE;
				CLANG_WARN_UNREACHABLE_CODE = YES;
				CLANG_WARN__DUPLICATE_METHOD_MATCH = YES;
				COPY_PHASE_STRIP = NO;
				DEBUG_INFORMATION_FORMAT = dwarf;
				ENABLE_STRICT_OBJC_MSGSEND = YES;
				ENABLE_TESTABILITY = YES;
				GCC_C_LANGUAGE_STANDARD = gnu11;
				GCC_DYNAMIC_NO_PIC = NO;
				GCC_NO_COMMON_BLOCKS = YES;
				GCC_OPTIMIZATION_LEVEL = 0;
				GCC_PREPROCESSOR_DEFINITIONS = (
					"DEBUG=1",
					"$(inherited)",
				);
				GCC_WARN_64_TO_32_BIT_CONVERSION = YES;
				GCC_WARN_ABOUT_RETURN_TYPE = YES_ERROR;
				GCC_WARN_UNDECLARED_SELECTOR = YES;
				GCC_WARN_UNINITIALIZED_AUTOS = YES_AGGRESSIVE;
				GCC_WARN_UNUSED_FUNCTION = YES;
				GCC_WARN_UNUSED_VARIABLE = YES;
				IPHONEOS_DEPLOYMENT_TARGET = 14.0;
				MTL_ENABLE_DEBUG_INFO = INCLUDE_SOURCE;
				MTL_FAST_MATH = YES;
				ONLY_ACTIVE_ARCH = YES;
				SDKROOT = iphoneos;
				SWIFT_ACTIVE_COMPILATION_CONDITIONS = DEBUG;
				SWIFT_OPTIMIZATION_LEVEL = "-Onone";
			};
			name = Debug;
		};
		CAD8D2D22515CF1F00DDCD3D /* Release */ = {
			isa = XCBuildConfiguration;
			buildSettings = {
				ALWAYS_SEARCH_USER_PATHS = NO;
				CLANG_ANALYZER_NONNULL = YES;
				CLANG_ANALYZER_NUMBER_OBJECT_CONVERSION = YES_AGGRESSIVE;
				CLANG_CXX_LANGUAGE_STANDARD = "gnu++14";
				CLANG_CXX_LIBRARY = "libc++";
				CLANG_ENABLE_MODULES = YES;
				CLANG_ENABLE_OBJC_ARC = YES;
				CLANG_ENABLE_OBJC_WEAK = YES;
				CLANG_WARN_BLOCK_CAPTURE_AUTORELEASING = YES;
				CLANG_WARN_BOOL_CONVERSION = YES;
				CLANG_WARN_COMMA = YES;
				CLANG_WARN_CONSTANT_CONVERSION = YES;
				CLANG_WARN_DEPRECATED_OBJC_IMPLEMENTATIONS = YES;
				CLANG_WARN_DIRECT_OBJC_ISA_USAGE = YES_ERROR;
				CLANG_WARN_DOCUMENTATION_COMMENTS = YES;
				CLANG_WARN_EMPTY_BODY = YES;
				CLANG_WARN_ENUM_CONVERSION = YES;
				CLANG_WARN_INFINITE_RECURSION = YES;
				CLANG_WARN_INT_CONVERSION = YES;
				CLANG_WARN_NON_LITERAL_NULL_CONVERSION = YES;
				CLANG_WARN_OBJC_IMPLICIT_RETAIN_SELF = YES;
				CLANG_WARN_OBJC_LITERAL_CONVERSION = YES;
				CLANG_WARN_OBJC_ROOT_CLASS = YES_ERROR;
				CLANG_WARN_QUOTED_INCLUDE_IN_FRAMEWORK_HEADER = YES;
				CLANG_WARN_RANGE_LOOP_ANALYSIS = YES;
				CLANG_WARN_STRICT_PROTOTYPES = YES;
				CLANG_WARN_SUSPICIOUS_MOVE = YES;
				CLANG_WARN_UNGUARDED_AVAILABILITY = YES_AGGRESSIVE;
				CLANG_WARN_UNREACHABLE_CODE = YES;
				CLANG_WARN__DUPLICATE_METHOD_MATCH = YES;
				COPY_PHASE_STRIP = NO;
				DEBUG_INFORMATION_FORMAT = "dwarf-with-dsym";
				ENABLE_NS_ASSERTIONS = NO;
				ENABLE_STRICT_OBJC_MSGSEND = YES;
				GCC_C_LANGUAGE_STANDARD = gnu11;
				GCC_NO_COMMON_BLOCKS = YES;
				GCC_WARN_64_TO_32_BIT_CONVERSION = YES;
				GCC_WARN_ABOUT_RETURN_TYPE = YES_ERROR;
				GCC_WARN_UNDECLARED_SELECTOR = YES;
				GCC_WARN_UNINITIALIZED_AUTOS = YES_AGGRESSIVE;
				GCC_WARN_UNUSED_FUNCTION = YES;
				GCC_WARN_UNUSED_VARIABLE = YES;
				IPHONEOS_DEPLOYMENT_TARGET = 14.0;
				MTL_ENABLE_DEBUG_INFO = NO;
				MTL_FAST_MATH = YES;
				SDKROOT = iphoneos;
				SWIFT_COMPILATION_MODE = wholemodule;
				SWIFT_OPTIMIZATION_LEVEL = "-O";
				VALIDATE_PRODUCT = YES;
			};
			name = Release;
		};
		CAD8D2D42515CF1F00DDCD3D /* Debug */ = {
			isa = XCBuildConfiguration;
			buildSettings = {
				ASSETCATALOG_COMPILER_APPICON_NAME = AppIcon;
				ASSETCATALOG_COMPILER_GLOBAL_ACCENT_COLOR_NAME = AccentColor;
				CODE_SIGN_STYLE = Automatic;
				INFOPLIST_FILE = dozeevital/Info.plist;
				LD_RUNPATH_SEARCH_PATHS = (
					"$(inherited)",
					"@executable_path/Frameworks",
				);
				PRODUCT_BUNDLE_IDENTIFIER = dozee.dozeevital;
				PRODUCT_NAME = "$(TARGET_NAME)";
				SWIFT_VERSION = 5.0;
				TARGETED_DEVICE_FAMILY = "1,2";
			};
			name = Debug;
		};
		CAD8D2D52515CF1F00DDCD3D /* Release */ = {
			isa = XCBuildConfiguration;
			buildSettings = {
				ASSETCATALOG_COMPILER_APPICON_NAME = AppIcon;
				ASSETCATALOG_COMPILER_GLOBAL_ACCENT_COLOR_NAME = AccentColor;
				CODE_SIGN_STYLE = Automatic;
				INFOPLIST_FILE = dozeevital/Info.plist;
				LD_RUNPATH_SEARCH_PATHS = (
					"$(inherited)",
					"@executable_path/Frameworks",
				);
				PRODUCT_BUNDLE_IDENTIFIER = dozee.dozeevital;
				PRODUCT_NAME = "$(TARGET_NAME)";
				SWIFT_VERSION = 5.0;
				TARGETED_DEVICE_FAMILY = "1,2";
			};
			name = Release;
		};
		CAD8D2D72515CF1F00DDCD3D /* Debug */ = {
			isa = XCBuildConfiguration;
			buildSettings = {
				ALWAYS_EMBED_SWIFT_STANDARD_LIBRARIES = YES;
				BUNDLE_LOADER = "$(TEST_HOST)";
				CODE_SIGN_STYLE = Automatic;
				INFOPLIST_FILE = dozeevitalTests/Info.plist;
				IPHONEOS_DEPLOYMENT_TARGET = 14.0;
				LD_RUNPATH_SEARCH_PATHS = (
					"$(inherited)",
					"@executable_path/Frameworks",
					"@loader_path/Frameworks",
				);
				PRODUCT_BUNDLE_IDENTIFIER = dozee.dozeevitalTests;
				PRODUCT_NAME = "$(TARGET_NAME)";
				SWIFT_VERSION = 5.0;
				TARGETED_DEVICE_FAMILY = "1,2";
				TEST_HOST = "$(BUILT_PRODUCTS_DIR)/dozeevital.app/dozeevital";
			};
			name = Debug;
		};
		CAD8D2D82515CF1F00DDCD3D /* Release */ = {
			isa = XCBuildConfiguration;
			buildSettings = {
				ALWAYS_EMBED_SWIFT_STANDARD_LIBRARIES = YES;
				BUNDLE_LOADER = "$(TEST_HOST)";
				CODE_SIGN_STYLE = Automatic;
				INFOPLIST_FILE = dozeevitalTests/Info.plist;
				IPHONEOS_DEPLOYMENT_TARGET = 14.0;
				LD_RUNPATH_SEARCH_PATHS = (
					"$(inherited)",
					"@executable_path/Frameworks",
					"@loader_path/Frameworks",
				);
				PRODUCT_BUNDLE_IDENTIFIER = dozee.dozeevitalTests;
				PRODUCT_NAME = "$(TARGET_NAME)";
				SWIFT_VERSION = 5.0;
				TARGETED_DEVICE_FAMILY = "1,2";
				TEST_HOST = "$(BUILT_PRODUCTS_DIR)/dozeevital.app/dozeevital";
			};
			name = Release;
		};
		CAD8D2DA2515CF1F00DDCD3D /* Debug */ = {
			isa = XCBuildConfiguration;
			buildSettings = {
				ALWAYS_EMBED_SWIFT_STANDARD_LIBRARIES = YES;
				CODE_SIGN_STYLE = Automatic;
				INFOPLIST_FILE = dozeevitalUITests/Info.plist;
				LD_RUNPATH_SEARCH_PATHS = (
					"$(inherited)",
					"@executable_path/Frameworks",
					"@loader_path/Frameworks",
				);
				PRODUCT_BUNDLE_IDENTIFIER = dozee.dozeevitalUITests;
				PRODUCT_NAME = "$(TARGET_NAME)";
				SWIFT_VERSION = 5.0;
				TARGETED_DEVICE_FAMILY = "1,2";
				TEST_TARGET_NAME = dozeevital;
			};
			name = Debug;
		};
		CAD8D2DB2515CF1F00DDCD3D /* Release */ = {
			isa = XCBuildConfiguration;
			buildSettings = {
				ALWAYS_EMBED_SWIFT_STANDARD_LIBRARIES = YES;
				CODE_SIGN_STYLE = Automatic;
				INFOPLIST_FILE = dozeevitalUITests/Info.plist;
				LD_RUNPATH_SEARCH_PATHS = (
					"$(inherited)",
					"@executable_path/Frameworks",
					"@loader_path/Frameworks",
				);
				PRODUCT_BUNDLE_IDENTIFIER = dozee.dozeevitalUITests;
				PRODUCT_NAME = "$(TARGET_NAME)";
				SWIFT_VERSION = 5.0;
				TARGETED_DEVICE_FAMILY = "1,2";
				TEST_TARGET_NAME = dozeevital;
			};
			name = Release;
		};
/* End XCBuildConfiguration section */

/* Begin XCConfigurationList section */
		CAD8D2A12515CF0F00DDCD3D /* Build configuration list for PBXProject "dozeevital" */ = {
			isa = XCConfigurationList;
			buildConfigurations = (
				CAD8D2D12515CF1F00DDCD3D /* Debug */,
				CAD8D2D22515CF1F00DDCD3D /* Release */,
			);
			defaultConfigurationIsVisible = 0;
			defaultConfigurationName = Release;
		};
		CAD8D2D32515CF1F00DDCD3D /* Build configuration list for PBXNativeTarget "dozeevital" */ = {
			isa = XCConfigurationList;
			buildConfigurations = (
				CAD8D2D42515CF1F00DDCD3D /* Debug */,
				CAD8D2D52515CF1F00DDCD3D /* Release */,
			);
			defaultConfigurationIsVisible = 0;
			defaultConfigurationName = Release;
		};
		CAD8D2D62515CF1F00DDCD3D /* Build configuration list for PBXNativeTarget "dozeevitalTests" */ = {
			isa = XCConfigurationList;
			buildConfigurations = (
				CAD8D2D72515CF1F00DDCD3D /* Debug */,
				CAD8D2D82515CF1F00DDCD3D /* Release */,
			);
			defaultConfigurationIsVisible = 0;
			defaultConfigurationName = Release;
		};
		CAD8D2D92515CF1F00DDCD3D /* Build configuration list for PBXNativeTarget "dozeevitalUITests" */ = {
			isa = XCConfigurationList;
			buildConfigurations = (
				CAD8D2DA2515CF1F00DDCD3D /* Debug */,
				CAD8D2DB2515CF1F00DDCD3D /* Release */,
			);
			defaultConfigurationIsVisible = 0;
			defaultConfigurationName = Release;
		};
/* End XCConfigurationList section */

/* Begin XCVersionGroup section */
		CAD8D2B22515CF1000DDCD3D /* dozeevital.xcdatamodeld */ = {
			isa = XCVersionGroup;
			children = (
				CAD8D2B32515CF1000DDCD3D /* dozeevital.xcdatamodel */,
			);
			currentVersion = CAD8D2B32515CF1000DDCD3D /* dozeevital.xcdatamodel */;
			path = dozeevital.xcdatamodeld;
			sourceTree = "<group>";
			versionGroupType = wrapper.xcdatamodel;
		};
/* End XCVersionGroup section */
	};
	rootObject = CAD8D29E2515CF0F00DDCD3D /* Project object */;
}
