// !$*UTF8*$!
{
	archiveVersion = 1;
	classes = {
	};
	objectVersion = 51;
	objects = {

/* Begin PBXBuildFile section */
		276385E5B83A3BF441423A4C /* Pods_dozeevital_dozeevitalUITests.framework in Frameworks */ = {isa = PBXBuildFile; fileRef = E110139A62FF3B1247F1D0D8 /* Pods_dozeevital_dozeevitalUITests.framework */; };
		6AE3CEFF96BEE16BA17891FB /* Pods_dozeevital.framework in Frameworks */ = {isa = PBXBuildFile; fileRef = 499917C9AB992AC2D3EF9903 /* Pods_dozeevital.framework */; };
		7BA51DF32156F2B3A5F18596 /* Pods_dozeevitalTests.framework in Frameworks */ = {isa = PBXBuildFile; fileRef = BDFF893402395CDB6CB43FB6 /* Pods_dozeevitalTests.framework */; };
		CA1F4C6B251648680064D765 /* HomeViewController.swift in Sources */ = {isa = PBXBuildFile; fileRef = CA1F4C6A251648680064D765 /* HomeViewController.swift */; };
		CA1F4C7025164A180064D765 /* TabBarController.swift in Sources */ = {isa = PBXBuildFile; fileRef = CA1F4C6F25164A180064D765 /* TabBarController.swift */; };
		CA45357F25161021005FAD76 /* Constants.swift in Sources */ = {isa = PBXBuildFile; fileRef = CA45357E25161021005FAD76 /* Constants.swift */; };
		CA45358F25161D62005FAD76 /* SplashViewController.swift in Sources */ = {isa = PBXBuildFile; fileRef = CA45358E25161D61005FAD76 /* SplashViewController.swift */; };
		CA45359425162348005FAD76 /* OnBoardTableViewCell.swift in Sources */ = {isa = PBXBuildFile; fileRef = CA45359325162348005FAD76 /* OnBoardTableViewCell.swift */; };
		CA4535EB25163214005FAD76 /* Nunito-Regular.ttf in Resources */ = {isa = PBXBuildFile; fileRef = CA4535DD25163212005FAD76 /* Nunito-Regular.ttf */; };
		CA4535EC25163214005FAD76 /* Nunito-Bold.ttf in Resources */ = {isa = PBXBuildFile; fileRef = CA4535DE25163213005FAD76 /* Nunito-Bold.ttf */; };
		CA4535ED25163214005FAD76 /* Nunito-ExtraBold.ttf in Resources */ = {isa = PBXBuildFile; fileRef = CA4535DF25163213005FAD76 /* Nunito-ExtraBold.ttf */; };
		CA4535EE25163214005FAD76 /* Nunito-SemiBold.ttf in Resources */ = {isa = PBXBuildFile; fileRef = CA4535E025163213005FAD76 /* Nunito-SemiBold.ttf */; };
		CA4535EF25163214005FAD76 /* Nunito-BlackItalic.ttf in Resources */ = {isa = PBXBuildFile; fileRef = CA4535E125163213005FAD76 /* Nunito-BlackItalic.ttf */; };
		CA4535F025163214005FAD76 /* Nunito-SemiBoldItalic.ttf in Resources */ = {isa = PBXBuildFile; fileRef = CA4535E225163213005FAD76 /* Nunito-SemiBoldItalic.ttf */; };
		CA4535F125163214005FAD76 /* Nunito-Italic.ttf in Resources */ = {isa = PBXBuildFile; fileRef = CA4535E325163213005FAD76 /* Nunito-Italic.ttf */; };
		CA4535F225163214005FAD76 /* Nunito-Black.ttf in Resources */ = {isa = PBXBuildFile; fileRef = CA4535E425163213005FAD76 /* Nunito-Black.ttf */; };
		CA4535F325163214005FAD76 /* Nunito-ExtraBoldItalic.ttf in Resources */ = {isa = PBXBuildFile; fileRef = CA4535E525163213005FAD76 /* Nunito-ExtraBoldItalic.ttf */; };
		CA4535F425163214005FAD76 /* Nunito-ExtraLightItalic.ttf in Resources */ = {isa = PBXBuildFile; fileRef = CA4535E625163213005FAD76 /* Nunito-ExtraLightItalic.ttf */; };
		CA4535F525163214005FAD76 /* Nunito-ExtraLight.ttf in Resources */ = {isa = PBXBuildFile; fileRef = CA4535E725163214005FAD76 /* Nunito-ExtraLight.ttf */; };
		CA4535F625163214005FAD76 /* Nunito-BoldItalic.ttf in Resources */ = {isa = PBXBuildFile; fileRef = CA4535E825163214005FAD76 /* Nunito-BoldItalic.ttf */; };
		CA4535F725163214005FAD76 /* Nunito-LightItalic.ttf in Resources */ = {isa = PBXBuildFile; fileRef = CA4535E925163214005FAD76 /* Nunito-LightItalic.ttf */; };
		CA4535F825163214005FAD76 /* Nunito-Light.ttf in Resources */ = {isa = PBXBuildFile; fileRef = CA4535EA25163214005FAD76 /* Nunito-Light.ttf */; };
		CA74A49A2516571700EB503C /* CallViewController.swift in Sources */ = {isa = PBXBuildFile; fileRef = CA74A4992516571700EB503C /* CallViewController.swift */; };
		CA74A49F2516571F00EB503C /* EmailViewController.swift in Sources */ = {isa = PBXBuildFile; fileRef = CA74A49E2516571F00EB503C /* EmailViewController.swift */; };
		CA74A4A42516572900EB503C /* WhatsAppViewController.swift in Sources */ = {isa = PBXBuildFile; fileRef = CA74A4A32516572900EB503C /* WhatsAppViewController.swift */; };
		CA74A4AC2517136F00EB503C /* VitalsCollectionViewCell.swift in Sources */ = {isa = PBXBuildFile; fileRef = CA74A4AB2517136F00EB503C /* VitalsCollectionViewCell.swift */; };
		CA74A4B12517292A00EB503C /* VitalsHeaderView.swift in Sources */ = {isa = PBXBuildFile; fileRef = CA74A4B02517292A00EB503C /* VitalsHeaderView.swift */; };
		CA74A4CC251743FD00EB503C /* UserDetailsModal.swift in Sources */ = {isa = PBXBuildFile; fileRef = CA74A4CB251743FD00EB503C /* UserDetailsModal.swift */; };
		CA74A4D12517443E00EB503C /* UserDataModal.swift in Sources */ = {isa = PBXBuildFile; fileRef = CA74A4D02517443E00EB503C /* UserDataModal.swift */; };
		CA74A4D62517448800EB503C /* UserQuestionModal.swift in Sources */ = {isa = PBXBuildFile; fileRef = CA74A4D52517448800EB503C /* UserQuestionModal.swift */; };
		CA74A4DC251744D100EB503C /* APIManager.swift in Sources */ = {isa = PBXBuildFile; fileRef = CA74A4DB251744D100EB503C /* APIManager.swift */; };
		CA74A4E1251747B100EB503C /* Protocols.swift in Sources */ = {isa = PBXBuildFile; fileRef = CA74A4E0251747B100EB503C /* Protocols.swift */; };
		CA9A56DB2517930E00A0B7C8 /* KnowMoreViewController.swift in Sources */ = {isa = PBXBuildFile; fileRef = CA9A56DA2517930E00A0B7C8 /* KnowMoreViewController.swift */; };
		CA9A56E02517BC6700A0B7C8 /* TrendsViewController.swift in Sources */ = {isa = PBXBuildFile; fileRef = CA9A56DF2517BC6700A0B7C8 /* TrendsViewController.swift */; };
		CA9A56E82517CB2B00A0B7C8 /* ProfileViewController.swift in Sources */ = {isa = PBXBuildFile; fileRef = CA9A56E72517CB2B00A0B7C8 /* ProfileViewController.swift */; };
		CAD8D2AA2515CF1000DDCD3D /* AppDelegate.swift in Sources */ = {isa = PBXBuildFile; fileRef = CAD8D2A92515CF1000DDCD3D /* AppDelegate.swift */; };
		CAD8D2AC2515CF1000DDCD3D /* SceneDelegate.swift in Sources */ = {isa = PBXBuildFile; fileRef = CAD8D2AB2515CF1000DDCD3D /* SceneDelegate.swift */; };
		CAD8D2B12515CF1000DDCD3D /* Main.storyboard in Resources */ = {isa = PBXBuildFile; fileRef = CAD8D2AF2515CF1000DDCD3D /* Main.storyboard */; };
		CAD8D2B42515CF1000DDCD3D /* dozeevital.xcdatamodeld in Sources */ = {isa = PBXBuildFile; fileRef = CAD8D2B22515CF1000DDCD3D /* dozeevital.xcdatamodeld */; };
		CAD8D2B62515CF1D00DDCD3D /* Assets.xcassets in Resources */ = {isa = PBXBuildFile; fileRef = CAD8D2B52515CF1D00DDCD3D /* Assets.xcassets */; };
		CAD8D2B92515CF1D00DDCD3D /* LaunchScreen.storyboard in Resources */ = {isa = PBXBuildFile; fileRef = CAD8D2B72515CF1D00DDCD3D /* LaunchScreen.storyboard */; };
		CAD8D2C42515CF1E00DDCD3D /* dozeevitalTests.swift in Sources */ = {isa = PBXBuildFile; fileRef = CAD8D2C32515CF1E00DDCD3D /* dozeevitalTests.swift */; };
		CAD8D2CF2515CF1F00DDCD3D /* dozeevitalUITests.swift in Sources */ = {isa = PBXBuildFile; fileRef = CAD8D2CE2515CF1F00DDCD3D /* dozeevitalUITests.swift */; };
		CAD8D2E92515D8D100DDCD3D /* OnBoardViewController.swift in Sources */ = {isa = PBXBuildFile; fileRef = CAD8D2E82515D8D100DDCD3D /* OnBoardViewController.swift */; };
		CAD8D2F82515DEED00DDCD3D /* UIColorHelper.swift in Sources */ = {isa = PBXBuildFile; fileRef = CAD8D2F72515DEED00DDCD3D /* UIColorHelper.swift */; };
		CAD8D2FD2515E1DB00DDCD3D /* UIFontHelper.swift in Sources */ = {isa = PBXBuildFile; fileRef = CAD8D2FC2515E1DB00DDCD3D /* UIFontHelper.swift */; };
		CAD8D3032516000A00DDCD3D /* UIViewHelper.swift in Sources */ = {isa = PBXBuildFile; fileRef = CAD8D3022516000A00DDCD3D /* UIViewHelper.swift */; };
		CAD8D3082516022E00DDCD3D /* UIButtonHelper.swift in Sources */ = {isa = PBXBuildFile; fileRef = CAD8D3072516022E00DDCD3D /* UIButtonHelper.swift */; };
/* End PBXBuildFile section */

/* Begin PBXContainerItemProxy section */
		CAD8D2C02515CF1E00DDCD3D /* PBXContainerItemProxy */ = {
			isa = PBXContainerItemProxy;
			containerPortal = CAD8D29E2515CF0F00DDCD3D /* Project object */;
			proxyType = 1;
			remoteGlobalIDString = CAD8D2A52515CF1000DDCD3D;
			remoteInfo = dozeevital;
		};
		CAD8D2CB2515CF1E00DDCD3D /* PBXContainerItemProxy */ = {
			isa = PBXContainerItemProxy;
			containerPortal = CAD8D29E2515CF0F00DDCD3D /* Project object */;
			proxyType = 1;
			remoteGlobalIDString = CAD8D2A52515CF1000DDCD3D;
			remoteInfo = dozeevital;
		};
/* End PBXContainerItemProxy section */

/* Begin PBXFileReference section */
		499917C9AB992AC2D3EF9903 /* Pods_dozeevital.framework */ = {isa = PBXFileReference; explicitFileType = wrapper.framework; includeInIndex = 0; path = Pods_dozeevital.framework; sourceTree = BUILT_PRODUCTS_DIR; };
		4E2E29C57CF500AF4917AAE5 /* Pods-dozeevital.debug.xcconfig */ = {isa = PBXFileReference; includeInIndex = 1; lastKnownFileType = text.xcconfig; name = "Pods-dozeevital.debug.xcconfig"; path = "Target Support Files/Pods-dozeevital/Pods-dozeevital.debug.xcconfig"; sourceTree = "<group>"; };
		98BE14B751E0A4EB8206D70D /* Pods-dozeevital-dozeevitalUITests.debug.xcconfig */ = {isa = PBXFileReference; includeInIndex = 1; lastKnownFileType = text.xcconfig; name = "Pods-dozeevital-dozeevitalUITests.debug.xcconfig"; path = "Target Support Files/Pods-dozeevital-dozeevitalUITests/Pods-dozeevital-dozeevitalUITests.debug.xcconfig"; sourceTree = "<group>"; };
		B8EDD97579818E54834127B2 /* Pods-dozeevitalTests.release.xcconfig */ = {isa = PBXFileReference; includeInIndex = 1; lastKnownFileType = text.xcconfig; name = "Pods-dozeevitalTests.release.xcconfig"; path = "Target Support Files/Pods-dozeevitalTests/Pods-dozeevitalTests.release.xcconfig"; sourceTree = "<group>"; };
		BDFF893402395CDB6CB43FB6 /* Pods_dozeevitalTests.framework */ = {isa = PBXFileReference; explicitFileType = wrapper.framework; includeInIndex = 0; path = Pods_dozeevitalTests.framework; sourceTree = BUILT_PRODUCTS_DIR; };
		BFB617C73AC8B4E42D8F0AF0 /* Pods-dozeevital.release.xcconfig */ = {isa = PBXFileReference; includeInIndex = 1; lastKnownFileType = text.xcconfig; name = "Pods-dozeevital.release.xcconfig"; path = "Target Support Files/Pods-dozeevital/Pods-dozeevital.release.xcconfig"; sourceTree = "<group>"; };
		C3AF83E57264725A73AEF683 /* Pods-dozeevitalTests.debug.xcconfig */ = {isa = PBXFileReference; includeInIndex = 1; lastKnownFileType = text.xcconfig; name = "Pods-dozeevitalTests.debug.xcconfig"; path = "Target Support Files/Pods-dozeevitalTests/Pods-dozeevitalTests.debug.xcconfig"; sourceTree = "<group>"; };
		CA1F4C6A251648680064D765 /* HomeViewController.swift */ = {isa = PBXFileReference; lastKnownFileType = sourcecode.swift; path = HomeViewController.swift; sourceTree = "<group>"; };
		CA1F4C6F25164A180064D765 /* TabBarController.swift */ = {isa = PBXFileReference; lastKnownFileType = sourcecode.swift; path = TabBarController.swift; sourceTree = "<group>"; };
		CA45357E25161021005FAD76 /* Constants.swift */ = {isa = PBXFileReference; lastKnownFileType = sourcecode.swift; path = Constants.swift; sourceTree = "<group>"; };
		CA45358E25161D61005FAD76 /* SplashViewController.swift */ = {isa = PBXFileReference; lastKnownFileType = sourcecode.swift; path = SplashViewController.swift; sourceTree = "<group>"; };
		CA45359325162348005FAD76 /* OnBoardTableViewCell.swift */ = {isa = PBXFileReference; lastKnownFileType = sourcecode.swift; path = OnBoardTableViewCell.swift; sourceTree = "<group>"; };
		CA4535DD25163212005FAD76 /* Nunito-Regular.ttf */ = {isa = PBXFileReference; lastKnownFileType = file; path = "Nunito-Regular.ttf"; sourceTree = "<group>"; };
		CA4535DE25163213005FAD76 /* Nunito-Bold.ttf */ = {isa = PBXFileReference; lastKnownFileType = file; path = "Nunito-Bold.ttf"; sourceTree = "<group>"; };
		CA4535DF25163213005FAD76 /* Nunito-ExtraBold.ttf */ = {isa = PBXFileReference; lastKnownFileType = file; path = "Nunito-ExtraBold.ttf"; sourceTree = "<group>"; };
		CA4535E025163213005FAD76 /* Nunito-SemiBold.ttf */ = {isa = PBXFileReference; lastKnownFileType = file; path = "Nunito-SemiBold.ttf"; sourceTree = "<group>"; };
		CA4535E125163213005FAD76 /* Nunito-BlackItalic.ttf */ = {isa = PBXFileReference; lastKnownFileType = file; path = "Nunito-BlackItalic.ttf"; sourceTree = "<group>"; };
		CA4535E225163213005FAD76 /* Nunito-SemiBoldItalic.ttf */ = {isa = PBXFileReference; lastKnownFileType = file; path = "Nunito-SemiBoldItalic.ttf"; sourceTree = "<group>"; };
		CA4535E325163213005FAD76 /* Nunito-Italic.ttf */ = {isa = PBXFileReference; lastKnownFileType = file; path = "Nunito-Italic.ttf"; sourceTree = "<group>"; };
		CA4535E425163213005FAD76 /* Nunito-Black.ttf */ = {isa = PBXFileReference; lastKnownFileType = file; path = "Nunito-Black.ttf"; sourceTree = "<group>"; };
		CA4535E525163213005FAD76 /* Nunito-ExtraBoldItalic.ttf */ = {isa = PBXFileReference; lastKnownFileType = file; path = "Nunito-ExtraBoldItalic.ttf"; sourceTree = "<group>"; };
		CA4535E625163213005FAD76 /* Nunito-ExtraLightItalic.ttf */ = {isa = PBXFileReference; lastKnownFileType = file; path = "Nunito-ExtraLightItalic.ttf"; sourceTree = "<group>"; };
		CA4535E725163214005FAD76 /* Nunito-ExtraLight.ttf */ = {isa = PBXFileReference; lastKnownFileType = file; path = "Nunito-ExtraLight.ttf"; sourceTree = "<group>"; };
		CA4535E825163214005FAD76 /* Nunito-BoldItalic.ttf */ = {isa = PBXFileReference; lastKnownFileType = file; path = "Nunito-BoldItalic.ttf"; sourceTree = "<group>"; };
		CA4535E925163214005FAD76 /* Nunito-LightItalic.ttf */ = {isa = PBXFileReference; lastKnownFileType = file; path = "Nunito-LightItalic.ttf"; sourceTree = "<group>"; };
		CA4535EA25163214005FAD76 /* Nunito-Light.ttf */ = {isa = PBXFileReference; lastKnownFileType = file; path = "Nunito-Light.ttf"; sourceTree = "<group>"; };
		CA74A4992516571700EB503C /* CallViewController.swift */ = {isa = PBXFileReference; lastKnownFileType = sourcecode.swift; path = CallViewController.swift; sourceTree = "<group>"; };
		CA74A49E2516571F00EB503C /* EmailViewController.swift */ = {isa = PBXFileReference; lastKnownFileType = sourcecode.swift; path = EmailViewController.swift; sourceTree = "<group>"; };
		CA74A4A32516572900EB503C /* WhatsAppViewController.swift */ = {isa = PBXFileReference; lastKnownFileType = sourcecode.swift; path = WhatsAppViewController.swift; sourceTree = "<group>"; };
		CA74A4AB2517136F00EB503C /* VitalsCollectionViewCell.swift */ = {isa = PBXFileReference; lastKnownFileType = sourcecode.swift; path = VitalsCollectionViewCell.swift; sourceTree = "<group>"; };
		CA74A4B02517292A00EB503C /* VitalsHeaderView.swift */ = {isa = PBXFileReference; lastKnownFileType = sourcecode.swift; path = VitalsHeaderView.swift; sourceTree = "<group>"; };
		CA74A4CB251743FD00EB503C /* UserDetailsModal.swift */ = {isa = PBXFileReference; lastKnownFileType = sourcecode.swift; path = UserDetailsModal.swift; sourceTree = "<group>"; };
		CA74A4D02517443E00EB503C /* UserDataModal.swift */ = {isa = PBXFileReference; lastKnownFileType = sourcecode.swift; path = UserDataModal.swift; sourceTree = "<group>"; };
		CA74A4D52517448800EB503C /* UserQuestionModal.swift */ = {isa = PBXFileReference; lastKnownFileType = sourcecode.swift; path = UserQuestionModal.swift; sourceTree = "<group>"; };
		CA74A4DB251744D100EB503C /* APIManager.swift */ = {isa = PBXFileReference; lastKnownFileType = sourcecode.swift; path = APIManager.swift; sourceTree = "<group>"; };
		CA74A4E0251747B100EB503C /* Protocols.swift */ = {isa = PBXFileReference; lastKnownFileType = sourcecode.swift; path = Protocols.swift; sourceTree = "<group>"; };
		CA9A56DA2517930E00A0B7C8 /* KnowMoreViewController.swift */ = {isa = PBXFileReference; lastKnownFileType = sourcecode.swift; path = KnowMoreViewController.swift; sourceTree = "<group>"; };
		CA9A56DF2517BC6700A0B7C8 /* TrendsViewController.swift */ = {isa = PBXFileReference; lastKnownFileType = sourcecode.swift; path = TrendsViewController.swift; sourceTree = "<group>"; };
		CA9A56E72517CB2B00A0B7C8 /* ProfileViewController.swift */ = {isa = PBXFileReference; lastKnownFileType = sourcecode.swift; path = ProfileViewController.swift; sourceTree = "<group>"; };
		CAD8D2A62515CF1000DDCD3D /* dozeevital.app */ = {isa = PBXFileReference; explicitFileType = wrapper.application; includeInIndex = 0; path = dozeevital.app; sourceTree = BUILT_PRODUCTS_DIR; };
		CAD8D2A92515CF1000DDCD3D /* AppDelegate.swift */ = {isa = PBXFileReference; lastKnownFileType = sourcecode.swift; path = AppDelegate.swift; sourceTree = "<group>"; };
		CAD8D2AB2515CF1000DDCD3D /* SceneDelegate.swift */ = {isa = PBXFileReference; lastKnownFileType = sourcecode.swift; path = SceneDelegate.swift; sourceTree = "<group>"; };
		CAD8D2B02515CF1000DDCD3D /* Base */ = {isa = PBXFileReference; lastKnownFileType = file.storyboard; name = Base; path = Base.lproj/Main.storyboard; sourceTree = "<group>"; };
		CAD8D2B32515CF1000DDCD3D /* dozeevital.xcdatamodel */ = {isa = PBXFileReference; lastKnownFileType = wrapper.xcdatamodel; path = dozeevital.xcdatamodel; sourceTree = "<group>"; };
		CAD8D2B52515CF1D00DDCD3D /* Assets.xcassets */ = {isa = PBXFileReference; lastKnownFileType = folder.assetcatalog; path = Assets.xcassets; sourceTree = "<group>"; };
		CAD8D2B82515CF1D00DDCD3D /* Base */ = {isa = PBXFileReference; lastKnownFileType = file.storyboard; name = Base; path = Base.lproj/LaunchScreen.storyboard; sourceTree = "<group>"; };
		CAD8D2BA2515CF1D00DDCD3D /* Info.plist */ = {isa = PBXFileReference; lastKnownFileType = text.plist.xml; path = Info.plist; sourceTree = "<group>"; };
		CAD8D2BF2515CF1E00DDCD3D /* dozeevitalTests.xctest */ = {isa = PBXFileReference; explicitFileType = wrapper.cfbundle; includeInIndex = 0; path = dozeevitalTests.xctest; sourceTree = BUILT_PRODUCTS_DIR; };
		CAD8D2C32515CF1E00DDCD3D /* dozeevitalTests.swift */ = {isa = PBXFileReference; lastKnownFileType = sourcecode.swift; path = dozeevitalTests.swift; sourceTree = "<group>"; };
		CAD8D2C52515CF1E00DDCD3D /* Info.plist */ = {isa = PBXFileReference; lastKnownFileType = text.plist.xml; path = Info.plist; sourceTree = "<group>"; };
		CAD8D2CA2515CF1E00DDCD3D /* dozeevitalUITests.xctest */ = {isa = PBXFileReference; explicitFileType = wrapper.cfbundle; includeInIndex = 0; path = dozeevitalUITests.xctest; sourceTree = BUILT_PRODUCTS_DIR; };
		CAD8D2CE2515CF1F00DDCD3D /* dozeevitalUITests.swift */ = {isa = PBXFileReference; lastKnownFileType = sourcecode.swift; path = dozeevitalUITests.swift; sourceTree = "<group>"; };
		CAD8D2D02515CF1F00DDCD3D /* Info.plist */ = {isa = PBXFileReference; lastKnownFileType = text.plist.xml; path = Info.plist; sourceTree = "<group>"; };
		CAD8D2E82515D8D100DDCD3D /* OnBoardViewController.swift */ = {isa = PBXFileReference; lastKnownFileType = sourcecode.swift; path = OnBoardViewController.swift; sourceTree = "<group>"; };
		CAD8D2F72515DEED00DDCD3D /* UIColorHelper.swift */ = {isa = PBXFileReference; lastKnownFileType = sourcecode.swift; path = UIColorHelper.swift; sourceTree = "<group>"; };
		CAD8D2FC2515E1DB00DDCD3D /* UIFontHelper.swift */ = {isa = PBXFileReference; lastKnownFileType = sourcecode.swift; path = UIFontHelper.swift; sourceTree = "<group>"; };
		CAD8D3022516000A00DDCD3D /* UIViewHelper.swift */ = {isa = PBXFileReference; lastKnownFileType = sourcecode.swift; path = UIViewHelper.swift; sourceTree = "<group>"; };
		CAD8D3072516022E00DDCD3D /* UIButtonHelper.swift */ = {isa = PBXFileReference; lastKnownFileType = sourcecode.swift; path = UIButtonHelper.swift; sourceTree = "<group>"; };
		E110139A62FF3B1247F1D0D8 /* Pods_dozeevital_dozeevitalUITests.framework */ = {isa = PBXFileReference; explicitFileType = wrapper.framework; includeInIndex = 0; path = Pods_dozeevital_dozeevitalUITests.framework; sourceTree = BUILT_PRODUCTS_DIR; };
		F8E4A1BB60FAB0BB215AF4A8 /* Pods-dozeevital-dozeevitalUITests.release.xcconfig */ = {isa = PBXFileReference; includeInIndex = 1; lastKnownFileType = text.xcconfig; name = "Pods-dozeevital-dozeevitalUITests.release.xcconfig"; path = "Target Support Files/Pods-dozeevital-dozeevitalUITests/Pods-dozeevital-dozeevitalUITests.release.xcconfig"; sourceTree = "<group>"; };
/* End PBXFileReference section */

/* Begin PBXFrameworksBuildPhase section */
		CAD8D2A32515CF1000DDCD3D /* Frameworks */ = {
			isa = PBXFrameworksBuildPhase;
			buildActionMask = 2147483647;
			files = (
				6AE3CEFF96BEE16BA17891FB /* Pods_dozeevital.framework in Frameworks */,
			);
			runOnlyForDeploymentPostprocessing = 0;
		};
		CAD8D2BC2515CF1E00DDCD3D /* Frameworks */ = {
			isa = PBXFrameworksBuildPhase;
			buildActionMask = 2147483647;
			files = (
				7BA51DF32156F2B3A5F18596 /* Pods_dozeevitalTests.framework in Frameworks */,
			);
			runOnlyForDeploymentPostprocessing = 0;
		};
		CAD8D2C72515CF1E00DDCD3D /* Frameworks */ = {
			isa = PBXFrameworksBuildPhase;
			buildActionMask = 2147483647;
			files = (
				276385E5B83A3BF441423A4C /* Pods_dozeevital_dozeevitalUITests.framework in Frameworks */,
			);
			runOnlyForDeploymentPostprocessing = 0;
		};
/* End PBXFrameworksBuildPhase section */

/* Begin PBXGroup section */
		8C24B26A013DC385E225D2BA /* Pods */ = {
			isa = PBXGroup;
			children = (
				4E2E29C57CF500AF4917AAE5 /* Pods-dozeevital.debug.xcconfig */,
				BFB617C73AC8B4E42D8F0AF0 /* Pods-dozeevital.release.xcconfig */,
				98BE14B751E0A4EB8206D70D /* Pods-dozeevital-dozeevitalUITests.debug.xcconfig */,
				F8E4A1BB60FAB0BB215AF4A8 /* Pods-dozeevital-dozeevitalUITests.release.xcconfig */,
				C3AF83E57264725A73AEF683 /* Pods-dozeevitalTests.debug.xcconfig */,
				B8EDD97579818E54834127B2 /* Pods-dozeevitalTests.release.xcconfig */,
			);
			path = Pods;
			sourceTree = "<group>";
		};
		B966501945BAA8746D31195A /* Frameworks */ = {
			isa = PBXGroup;
			children = (
				499917C9AB992AC2D3EF9903 /* Pods_dozeevital.framework */,
				E110139A62FF3B1247F1D0D8 /* Pods_dozeevital_dozeevitalUITests.framework */,
				BDFF893402395CDB6CB43FB6 /* Pods_dozeevitalTests.framework */,
			);
			name = Frameworks;
			sourceTree = "<group>";
		};
		CA45357D25161007005FAD76 /* Constants */ = {
			isa = PBXGroup;
			children = (
				CA45357E25161021005FAD76 /* Constants.swift */,
			);
			path = Constants;
			sourceTree = "<group>";
		};
		CA453598251630EB005FAD76 /* NunitoFont */ = {
			isa = PBXGroup;
			children = (
				CA4535E425163213005FAD76 /* Nunito-Black.ttf */,
				CA4535E125163213005FAD76 /* Nunito-BlackItalic.ttf */,
				CA4535DE25163213005FAD76 /* Nunito-Bold.ttf */,
				CA4535E825163214005FAD76 /* Nunito-BoldItalic.ttf */,
				CA4535DF25163213005FAD76 /* Nunito-ExtraBold.ttf */,
				CA4535E525163213005FAD76 /* Nunito-ExtraBoldItalic.ttf */,
				CA4535E725163214005FAD76 /* Nunito-ExtraLight.ttf */,
				CA4535E625163213005FAD76 /* Nunito-ExtraLightItalic.ttf */,
				CA4535E325163213005FAD76 /* Nunito-Italic.ttf */,
				CA4535EA25163214005FAD76 /* Nunito-Light.ttf */,
				CA4535E925163214005FAD76 /* Nunito-LightItalic.ttf */,
				CA4535DD25163212005FAD76 /* Nunito-Regular.ttf */,
				CA4535E025163213005FAD76 /* Nunito-SemiBold.ttf */,
				CA4535E225163213005FAD76 /* Nunito-SemiBoldItalic.ttf */,
			);
			path = NunitoFont;
			sourceTree = "<group>";
		};
		CA74A4DA251744B300EB503C /* HTTPUtility */ = {
			isa = PBXGroup;
			children = (
				CA74A4DB251744D100EB503C /* APIManager.swift */,
				CA74A4E0251747B100EB503C /* Protocols.swift */,
			);
			path = HTTPUtility;
			sourceTree = "<group>";
		};
		CAD8D29D2515CF0F00DDCD3D = {
			isa = PBXGroup;
			children = (
				CAD8D2A82515CF1000DDCD3D /* dozeevital */,
				CAD8D2C22515CF1E00DDCD3D /* dozeevitalTests */,
				CAD8D2CD2515CF1F00DDCD3D /* dozeevitalUITests */,
				CAD8D2A72515CF1000DDCD3D /* Products */,
				8C24B26A013DC385E225D2BA /* Pods */,
				B966501945BAA8746D31195A /* Frameworks */,
			);
			sourceTree = "<group>";
		};
		CAD8D2A72515CF1000DDCD3D /* Products */ = {
			isa = PBXGroup;
			children = (
				CAD8D2A62515CF1000DDCD3D /* dozeevital.app */,
				CAD8D2BF2515CF1E00DDCD3D /* dozeevitalTests.xctest */,
				CAD8D2CA2515CF1E00DDCD3D /* dozeevitalUITests.xctest */,
			);
			name = Products;
			sourceTree = "<group>";
		};
		CAD8D2A82515CF1000DDCD3D /* dozeevital */ = {
			isa = PBXGroup;
			children = (
				CAD8D2A92515CF1000DDCD3D /* AppDelegate.swift */,
				CAD8D2AB2515CF1000DDCD3D /* SceneDelegate.swift */,
				CA74A4DA251744B300EB503C /* HTTPUtility */,
				CAD8D2E62515D81B00DDCD3D /* Modal */,
				CAD8D2E72515D82100DDCD3D /* View */,
				CAD8D2E52515D80E00DDCD3D /* Controller */,
				CA45357D25161007005FAD76 /* Constants */,
				CAD8D2F12515D95700DDCD3D /* Helpers */,
				CAD8D2F02515D94E00DDCD3D /* Resources */,
				CAD8D2AF2515CF1000DDCD3D /* Main.storyboard */,
				CAD8D2B52515CF1D00DDCD3D /* Assets.xcassets */,
				CAD8D2B72515CF1D00DDCD3D /* LaunchScreen.storyboard */,
				CAD8D2BA2515CF1D00DDCD3D /* Info.plist */,
				CAD8D2B22515CF1000DDCD3D /* dozeevital.xcdatamodeld */,
			);
			path = dozeevital;
			sourceTree = "<group>";
		};
		CAD8D2C22515CF1E00DDCD3D /* dozeevitalTests */ = {
			isa = PBXGroup;
			children = (
				CAD8D2C32515CF1E00DDCD3D /* dozeevitalTests.swift */,
				CAD8D2C52515CF1E00DDCD3D /* Info.plist */,
			);
			path = dozeevitalTests;
			sourceTree = "<group>";
		};
		CAD8D2CD2515CF1F00DDCD3D /* dozeevitalUITests */ = {
			isa = PBXGroup;
			children = (
				CAD8D2CE2515CF1F00DDCD3D /* dozeevitalUITests.swift */,
				CAD8D2D02515CF1F00DDCD3D /* Info.plist */,
			);
			path = dozeevitalUITests;
			sourceTree = "<group>";
		};
		CAD8D2E52515D80E00DDCD3D /* Controller */ = {
			isa = PBXGroup;
			children = (
				CA45358E25161D61005FAD76 /* SplashViewController.swift */,
				CAD8D2E82515D8D100DDCD3D /* OnBoardViewController.swift */,
				CA1F4C6F25164A180064D765 /* TabBarController.swift */,
				CA1F4C6A251648680064D765 /* HomeViewController.swift */,
				CA74A4992516571700EB503C /* CallViewController.swift */,
				CA74A49E2516571F00EB503C /* EmailViewController.swift */,
				CA74A4A32516572900EB503C /* WhatsAppViewController.swift */,
				CA9A56DA2517930E00A0B7C8 /* KnowMoreViewController.swift */,
				CA9A56E72517CB2B00A0B7C8 /* ProfileViewController.swift */,
				CA9A56DF2517BC6700A0B7C8 /* TrendsViewController.swift */,
			);
			path = Controller;
			sourceTree = "<group>";
		};
		CAD8D2E62515D81B00DDCD3D /* Modal */ = {
			isa = PBXGroup;
			children = (
				CA74A4CB251743FD00EB503C /* UserDetailsModal.swift */,
				CA74A4D02517443E00EB503C /* UserDataModal.swift */,
				CA74A4D52517448800EB503C /* UserQuestionModal.swift */,
			);
			path = Modal;
			sourceTree = "<group>";
		};
		CAD8D2E72515D82100DDCD3D /* View */ = {
			isa = PBXGroup;
			children = (
				CA45359325162348005FAD76 /* OnBoardTableViewCell.swift */,
				CA74A4AB2517136F00EB503C /* VitalsCollectionViewCell.swift */,
				CA74A4B02517292A00EB503C /* VitalsHeaderView.swift */,
			);
			path = View;
			sourceTree = "<group>";
		};
		CAD8D2F02515D94E00DDCD3D /* Resources */ = {
			isa = PBXGroup;
			children = (
				CA453598251630EB005FAD76 /* NunitoFont */,
			);
			path = Resources;
			sourceTree = "<group>";
		};
		CAD8D2F12515D95700DDCD3D /* Helpers */ = {
			isa = PBXGroup;
			children = (
				CAD8D2F72515DEED00DDCD3D /* UIColorHelper.swift */,
				CAD8D2FC2515E1DB00DDCD3D /* UIFontHelper.swift */,
				CAD8D3022516000A00DDCD3D /* UIViewHelper.swift */,
				CAD8D3072516022E00DDCD3D /* UIButtonHelper.swift */,
			);
			path = Helpers;
			sourceTree = "<group>";
		};
/* End PBXGroup section */

/* Begin PBXNativeTarget section */
		CAD8D2A52515CF1000DDCD3D /* dozeevital */ = {
			isa = PBXNativeTarget;
			buildConfigurationList = CAD8D2D32515CF1F00DDCD3D /* Build configuration list for PBXNativeTarget "dozeevital" */;
			buildPhases = (
				62E6B32A24D5863F29BEB2D7 /* [CP] Check Pods Manifest.lock */,
				CAD8D2A22515CF1000DDCD3D /* Sources */,
				CAD8D2A32515CF1000DDCD3D /* Frameworks */,
				CAD8D2A42515CF1000DDCD3D /* Resources */,
				823CFDA8654344248217B5C5 /* [CP] Embed Pods Frameworks */,
			);
			buildRules = (
			);
			dependencies = (
			);
			name = dozeevital;
			productName = dozeevital;
			productReference = CAD8D2A62515CF1000DDCD3D /* dozeevital.app */;
			productType = "com.apple.product-type.application";
		};
		CAD8D2BE2515CF1E00DDCD3D /* dozeevitalTests */ = {
			isa = PBXNativeTarget;
			buildConfigurationList = CAD8D2D62515CF1F00DDCD3D /* Build configuration list for PBXNativeTarget "dozeevitalTests" */;
			buildPhases = (
				579BED0441D808C19330E5BC /* [CP] Check Pods Manifest.lock */,
				CAD8D2BB2515CF1E00DDCD3D /* Sources */,
				CAD8D2BC2515CF1E00DDCD3D /* Frameworks */,
				CAD8D2BD2515CF1E00DDCD3D /* Resources */,
			);
			buildRules = (
			);
			dependencies = (
				CAD8D2C12515CF1E00DDCD3D /* PBXTargetDependency */,
			);
			name = dozeevitalTests;
			productName = dozeevitalTests;
			productReference = CAD8D2BF2515CF1E00DDCD3D /* dozeevitalTests.xctest */;
			productType = "com.apple.product-type.bundle.unit-test";
		};
		CAD8D2C92515CF1E00DDCD3D /* dozeevitalUITests */ = {
			isa = PBXNativeTarget;
			buildConfigurationList = CAD8D2D92515CF1F00DDCD3D /* Build configuration list for PBXNativeTarget "dozeevitalUITests" */;
			buildPhases = (
				94D3C30DC0EAA852E7E55320 /* [CP] Check Pods Manifest.lock */,
				CAD8D2C62515CF1E00DDCD3D /* Sources */,
				CAD8D2C72515CF1E00DDCD3D /* Frameworks */,
				CAD8D2C82515CF1E00DDCD3D /* Resources */,
				4DCFDE36EAD65F7A431339CC /* [CP] Embed Pods Frameworks */,
			);
			buildRules = (
			);
			dependencies = (
				CAD8D2CC2515CF1E00DDCD3D /* PBXTargetDependency */,
			);
			name = dozeevitalUITests;
			productName = dozeevitalUITests;
			productReference = CAD8D2CA2515CF1E00DDCD3D /* dozeevitalUITests.xctest */;
			productType = "com.apple.product-type.bundle.ui-testing";
		};
/* End PBXNativeTarget section */

/* Begin PBXProject section */
		CAD8D29E2515CF0F00DDCD3D /* Project object */ = {
			isa = PBXProject;
			attributes = {
				LastSwiftUpdateCheck = 1200;
				LastUpgradeCheck = 1200;
				TargetAttributes = {
					CAD8D2A52515CF1000DDCD3D = {
						CreatedOnToolsVersion = 12.0;
					};
					CAD8D2BE2515CF1E00DDCD3D = {
						CreatedOnToolsVersion = 12.0;
						TestTargetID = CAD8D2A52515CF1000DDCD3D;
					};
					CAD8D2C92515CF1E00DDCD3D = {
						CreatedOnToolsVersion = 12.0;
						TestTargetID = CAD8D2A52515CF1000DDCD3D;
					};
				};
			};
			buildConfigurationList = CAD8D2A12515CF0F00DDCD3D /* Build configuration list for PBXProject "dozeevital" */;
			compatibilityVersion = "Xcode 9.3";
			developmentRegion = en;
			hasScannedForEncodings = 0;
			knownRegions = (
				en,
				Base,
			);
			mainGroup = CAD8D29D2515CF0F00DDCD3D;
			productRefGroup = CAD8D2A72515CF1000DDCD3D /* Products */;
			projectDirPath = "";
			projectRoot = "";
			targets = (
				CAD8D2A52515CF1000DDCD3D /* dozeevital */,
				CAD8D2BE2515CF1E00DDCD3D /* dozeevitalTests */,
				CAD8D2C92515CF1E00DDCD3D /* dozeevitalUITests */,
			);
		};
/* End PBXProject section */

/* Begin PBXResourcesBuildPhase section */
		CAD8D2A42515CF1000DDCD3D /* Resources */ = {
			isa = PBXResourcesBuildPhase;
			buildActionMask = 2147483647;
			files = (
				CA4535F425163214005FAD76 /* Nunito-ExtraLightItalic.ttf in Resources */,
				CA4535F525163214005FAD76 /* Nunito-ExtraLight.ttf in Resources */,
				CA4535EE25163214005FAD76 /* Nunito-SemiBold.ttf in Resources */,
				CA4535F125163214005FAD76 /* Nunito-Italic.ttf in Resources */,
				CAD8D2B92515CF1D00DDCD3D /* LaunchScreen.storyboard in Resources */,
				CA4535EC25163214005FAD76 /* Nunito-Bold.ttf in Resources */,
				CA4535F625163214005FAD76 /* Nunito-BoldItalic.ttf in Resources */,
				CA4535F025163214005FAD76 /* Nunito-SemiBoldItalic.ttf in Resources */,
				CAD8D2B62515CF1D00DDCD3D /* Assets.xcassets in Resources */,
				CA4535F225163214005FAD76 /* Nunito-Black.ttf in Resources */,
				CA4535F725163214005FAD76 /* Nunito-LightItalic.ttf in Resources */,
				CA4535ED25163214005FAD76 /* Nunito-ExtraBold.ttf in Resources */,
				CA4535EB25163214005FAD76 /* Nunito-Regular.ttf in Resources */,
				CAD8D2B12515CF1000DDCD3D /* Main.storyboard in Resources */,
				CA4535EF25163214005FAD76 /* Nunito-BlackItalic.ttf in Resources */,
				CA4535F825163214005FAD76 /* Nunito-Light.ttf in Resources */,
				CA4535F325163214005FAD76 /* Nunito-ExtraBoldItalic.ttf in Resources */,
			);
			runOnlyForDeploymentPostprocessing = 0;
		};
		CAD8D2BD2515CF1E00DDCD3D /* Resources */ = {
			isa = PBXResourcesBuildPhase;
			buildActionMask = 2147483647;
			files = (
			);
			runOnlyForDeploymentPostprocessing = 0;
		};
		CAD8D2C82515CF1E00DDCD3D /* Resources */ = {
			isa = PBXResourcesBuildPhase;
			buildActionMask = 2147483647;
			files = (
			);
			runOnlyForDeploymentPostprocessing = 0;
		};
/* End PBXResourcesBuildPhase section */

/* Begin PBXShellScriptBuildPhase section */
		4DCFDE36EAD65F7A431339CC /* [CP] Embed Pods Frameworks */ = {
			isa = PBXShellScriptBuildPhase;
			buildActionMask = 2147483647;
			files = (
			);
			inputFileListPaths = (
				"${PODS_ROOT}/Target Support Files/Pods-dozeevital-dozeevitalUITests/Pods-dozeevital-dozeevitalUITests-frameworks-${CONFIGURATION}-input-files.xcfilelist",
			);
			name = "[CP] Embed Pods Frameworks";
			outputFileListPaths = (
				"${PODS_ROOT}/Target Support Files/Pods-dozeevital-dozeevitalUITests/Pods-dozeevital-dozeevitalUITests-frameworks-${CONFIGURATION}-output-files.xcfilelist",
			);
			runOnlyForDeploymentPostprocessing = 0;
			shellPath = /bin/sh;
			shellScript = "\"${PODS_ROOT}/Target Support Files/Pods-dozeevital-dozeevitalUITests/Pods-dozeevital-dozeevitalUITests-frameworks.sh\"\n";
			showEnvVarsInLog = 0;
		};
		579BED0441D808C19330E5BC /* [CP] Check Pods Manifest.lock */ = {
			isa = PBXShellScriptBuildPhase;
			buildActionMask = 2147483647;
			files = (
			);
			inputFileListPaths = (
			);
			inputPaths = (
				"${PODS_PODFILE_DIR_PATH}/Podfile.lock",
				"${PODS_ROOT}/Manifest.lock",
			);
			name = "[CP] Check Pods Manifest.lock";
			outputFileListPaths = (
			);
			outputPaths = (
				"$(DERIVED_FILE_DIR)/Pods-dozeevitalTests-checkManifestLockResult.txt",
			);
			runOnlyForDeploymentPostprocessing = 0;
			shellPath = /bin/sh;
			shellScript = "diff \"${PODS_PODFILE_DIR_PATH}/Podfile.lock\" \"${PODS_ROOT}/Manifest.lock\" > /dev/null\nif [ $? != 0 ] ; then\n    # print error to STDERR\n    echo \"error: The sandbox is not in sync with the Podfile.lock. Run 'pod install' or update your CocoaPods installation.\" >&2\n    exit 1\nfi\n# This output is used by Xcode 'outputs' to avoid re-running this script phase.\necho \"SUCCESS\" > \"${SCRIPT_OUTPUT_FILE_0}\"\n";
			showEnvVarsInLog = 0;
		};
		62E6B32A24D5863F29BEB2D7 /* [CP] Check Pods Manifest.lock */ = {
			isa = PBXShellScriptBuildPhase;
			buildActionMask = 2147483647;
			files = (
			);
			inputFileListPaths = (
			);
			inputPaths = (
				"${PODS_PODFILE_DIR_PATH}/Podfile.lock",
				"${PODS_ROOT}/Manifest.lock",
			);
			name = "[CP] Check Pods Manifest.lock";
			outputFileListPaths = (
			);
			outputPaths = (
				"$(DERIVED_FILE_DIR)/Pods-dozeevital-checkManifestLockResult.txt",
			);
			runOnlyForDeploymentPostprocessing = 0;
			shellPath = /bin/sh;
			shellScript = "diff \"${PODS_PODFILE_DIR_PATH}/Podfile.lock\" \"${PODS_ROOT}/Manifest.lock\" > /dev/null\nif [ $? != 0 ] ; then\n    # print error to STDERR\n    echo \"error: The sandbox is not in sync with the Podfile.lock. Run 'pod install' or update your CocoaPods installation.\" >&2\n    exit 1\nfi\n# This output is used by Xcode 'outputs' to avoid re-running this script phase.\necho \"SUCCESS\" > \"${SCRIPT_OUTPUT_FILE_0}\"\n";
			showEnvVarsInLog = 0;
		};
		823CFDA8654344248217B5C5 /* [CP] Embed Pods Frameworks */ = {
			isa = PBXShellScriptBuildPhase;
			buildActionMask = 2147483647;
			files = (
			);
			inputFileListPaths = (
				"${PODS_ROOT}/Target Support Files/Pods-dozeevital/Pods-dozeevital-frameworks-${CONFIGURATION}-input-files.xcfilelist",
			);
			name = "[CP] Embed Pods Frameworks";
			outputFileListPaths = (
				"${PODS_ROOT}/Target Support Files/Pods-dozeevital/Pods-dozeevital-frameworks-${CONFIGURATION}-output-files.xcfilelist",
			);
			runOnlyForDeploymentPostprocessing = 0;
			shellPath = /bin/sh;
			shellScript = "\"${PODS_ROOT}/Target Support Files/Pods-dozeevital/Pods-dozeevital-frameworks.sh\"\n";
			showEnvVarsInLog = 0;
		};
		94D3C30DC0EAA852E7E55320 /* [CP] Check Pods Manifest.lock */ = {
			isa = PBXShellScriptBuildPhase;
			buildActionMask = 2147483647;
			files = (
			);
			inputFileListPaths = (
			);
			inputPaths = (
				"${PODS_PODFILE_DIR_PATH}/Podfile.lock",
				"${PODS_ROOT}/Manifest.lock",
			);
			name = "[CP] Check Pods Manifest.lock";
			outputFileListPaths = (
			);
			outputPaths = (
				"$(DERIVED_FILE_DIR)/Pods-dozeevital-dozeevitalUITests-checkManifestLockResult.txt",
			);
			runOnlyForDeploymentPostprocessing = 0;
			shellPath = /bin/sh;
			shellScript = "diff \"${PODS_PODFILE_DIR_PATH}/Podfile.lock\" \"${PODS_ROOT}/Manifest.lock\" > /dev/null\nif [ $? != 0 ] ; then\n    # print error to STDERR\n    echo \"error: The sandbox is not in sync with the Podfile.lock. Run 'pod install' or update your CocoaPods installation.\" >&2\n    exit 1\nfi\n# This output is used by Xcode 'outputs' to avoid re-running this script phase.\necho \"SUCCESS\" > \"${SCRIPT_OUTPUT_FILE_0}\"\n";
			showEnvVarsInLog = 0;
		};
/* End PBXShellScriptBuildPhase section */

/* Begin PBXSourcesBuildPhase section */
		CAD8D2A22515CF1000DDCD3D /* Sources */ = {
			isa = PBXSourcesBuildPhase;
			buildActionMask = 2147483647;
			files = (
				CAD8D2AA2515CF1000DDCD3D /* AppDelegate.swift in Sources */,
				CA74A4E1251747B100EB503C /* Protocols.swift in Sources */,
				CA1F4C7025164A180064D765 /* TabBarController.swift in Sources */,
				CAD8D3082516022E00DDCD3D /* UIButtonHelper.swift in Sources */,
				CAD8D3032516000A00DDCD3D /* UIViewHelper.swift in Sources */,
				CA74A4DC251744D100EB503C /* APIManager.swift in Sources */,
				CA74A49F2516571F00EB503C /* EmailViewController.swift in Sources */,
				CAD8D2B42515CF1000DDCD3D /* dozeevital.xcdatamodeld in Sources */,
				CA74A4B12517292A00EB503C /* VitalsHeaderView.swift in Sources */,
				CAD8D2FD2515E1DB00DDCD3D /* UIFontHelper.swift in Sources */,
				CA9A56E82517CB2B00A0B7C8 /* ProfileViewController.swift in Sources */,
				CA74A4CC251743FD00EB503C /* UserDetailsModal.swift in Sources */,
				CA74A49A2516571700EB503C /* CallViewController.swift in Sources */,
				CA74A4D62517448800EB503C /* UserQuestionModal.swift in Sources */,
				CA9A56E02517BC6700A0B7C8 /* TrendsViewController.swift in Sources */,
				CAD8D2F82515DEED00DDCD3D /* UIColorHelper.swift in Sources */,
				CAD8D2E92515D8D100DDCD3D /* OnBoardViewController.swift in Sources */,
				CA74A4D12517443E00EB503C /* UserDataModal.swift in Sources */,
				CA9A56DB2517930E00A0B7C8 /* KnowMoreViewController.swift in Sources */,
				CAD8D2AC2515CF1000DDCD3D /* SceneDelegate.swift in Sources */,
				CA45357F25161021005FAD76 /* Constants.swift in Sources */,
				CA45358F25161D62005FAD76 /* SplashViewController.swift in Sources */,
				CA45359425162348005FAD76 /* OnBoardTableViewCell.swift in Sources */,
				CA74A4A42516572900EB503C /* WhatsAppViewController.swift in Sources */,
				CA1F4C6B251648680064D765 /* HomeViewController.swift in Sources */,
				CA74A4AC2517136F00EB503C /* VitalsCollectionViewCell.swift in Sources */,
			);
			runOnlyForDeploymentPostprocessing = 0;
		};
		CAD8D2BB2515CF1E00DDCD3D /* Sources */ = {
			isa = PBXSourcesBuildPhase;
			buildActionMask = 2147483647;
			files = (
				CAD8D2C42515CF1E00DDCD3D /* dozeevitalTests.swift in Sources */,
			);
			runOnlyForDeploymentPostprocessing = 0;
		};
		CAD8D2C62515CF1E00DDCD3D /* Sources */ = {
			isa = PBXSourcesBuildPhase;
			buildActionMask = 2147483647;
			files = (
				CAD8D2CF2515CF1F00DDCD3D /* dozeevitalUITests.swift in Sources */,
			);
			runOnlyForDeploymentPostprocessing = 0;
		};
/* End PBXSourcesBuildPhase section */

/* Begin PBXTargetDependency section */
		CAD8D2C12515CF1E00DDCD3D /* PBXTargetDependency */ = {
			isa = PBXTargetDependency;
			target = CAD8D2A52515CF1000DDCD3D /* dozeevital */;
			targetProxy = CAD8D2C02515CF1E00DDCD3D /* PBXContainerItemProxy */;
		};
		CAD8D2CC2515CF1E00DDCD3D /* PBXTargetDependency */ = {
			isa = PBXTargetDependency;
			target = CAD8D2A52515CF1000DDCD3D /* dozeevital */;
			targetProxy = CAD8D2CB2515CF1E00DDCD3D /* PBXContainerItemProxy */;
		};
/* End PBXTargetDependency section */

/* Begin PBXVariantGroup section */
		CAD8D2AF2515CF1000DDCD3D /* Main.storyboard */ = {
			isa = PBXVariantGroup;
			children = (
				CAD8D2B02515CF1000DDCD3D /* Base */,
			);
			name = Main.storyboard;
			sourceTree = "<group>";
		};
		CAD8D2B72515CF1D00DDCD3D /* LaunchScreen.storyboard */ = {
			isa = PBXVariantGroup;
			children = (
				CAD8D2B82515CF1D00DDCD3D /* Base */,
			);
			name = LaunchScreen.storyboard;
			sourceTree = "<group>";
		};
/* End PBXVariantGroup section */

/* Begin XCBuildConfiguration section */
		CAD8D2D12515CF1F00DDCD3D /* Debug */ = {
			isa = XCBuildConfiguration;
			buildSettings = {
				ALWAYS_SEARCH_USER_PATHS = NO;
				CLANG_ANALYZER_NONNULL = YES;
				CLANG_ANALYZER_NUMBER_OBJECT_CONVERSION = YES_AGGRESSIVE;
				CLANG_CXX_LANGUAGE_STANDARD = "gnu++14";
				CLANG_CXX_LIBRARY = "libc++";
				CLANG_ENABLE_MODULES = YES;
				CLANG_ENABLE_OBJC_ARC = YES;
				CLANG_ENABLE_OBJC_WEAK = YES;
				CLANG_WARN_BLOCK_CAPTURE_AUTORELEASING = YES;
				CLANG_WARN_BOOL_CONVERSION = YES;
				CLANG_WARN_COMMA = YES;
				CLANG_WARN_CONSTANT_CONVERSION = YES;
				CLANG_WARN_DEPRECATED_OBJC_IMPLEMENTATIONS = YES;
				CLANG_WARN_DIRECT_OBJC_ISA_USAGE = YES_ERROR;
				CLANG_WARN_DOCUMENTATION_COMMENTS = YES;
				CLANG_WARN_EMPTY_BODY = YES;
				CLANG_WARN_ENUM_CONVERSION = YES;
				CLANG_WARN_INFINITE_RECURSION = YES;
				CLANG_WARN_INT_CONVERSION = YES;
				CLANG_WARN_NON_LITERAL_NULL_CONVERSION = YES;
				CLANG_WARN_OBJC_IMPLICIT_RETAIN_SELF = YES;
				CLANG_WARN_OBJC_LITERAL_CONVERSION = YES;
				CLANG_WARN_OBJC_ROOT_CLASS = YES_ERROR;
				CLANG_WARN_QUOTED_INCLUDE_IN_FRAMEWORK_HEADER = YES;
				CLANG_WARN_RANGE_LOOP_ANALYSIS = YES;
				CLANG_WARN_STRICT_PROTOTYPES = YES;
				CLANG_WARN_SUSPICIOUS_MOVE = YES;
				CLANG_WARN_UNGUARDED_AVAILABILITY = YES_AGGRESSIVE;
				CLANG_WARN_UNREACHABLE_CODE = YES;
				CLANG_WARN__DUPLICATE_METHOD_MATCH = YES;
				COPY_PHASE_STRIP = NO;
				DEBUG_INFORMATION_FORMAT = dwarf;
				ENABLE_STRICT_OBJC_MSGSEND = YES;
				ENABLE_TESTABILITY = YES;
				GCC_C_LANGUAGE_STANDARD = gnu11;
				GCC_DYNAMIC_NO_PIC = NO;
				GCC_NO_COMMON_BLOCKS = YES;
				GCC_OPTIMIZATION_LEVEL = 0;
				GCC_PREPROCESSOR_DEFINITIONS = (
					"DEBUG=1",
					"$(inherited)",
				);
				GCC_WARN_64_TO_32_BIT_CONVERSION = YES;
				GCC_WARN_ABOUT_RETURN_TYPE = YES_ERROR;
				GCC_WARN_UNDECLARED_SELECTOR = YES;
				GCC_WARN_UNINITIALIZED_AUTOS = YES_AGGRESSIVE;
				GCC_WARN_UNUSED_FUNCTION = YES;
				GCC_WARN_UNUSED_VARIABLE = YES;
				IPHONEOS_DEPLOYMENT_TARGET = 14.0;
				MTL_ENABLE_DEBUG_INFO = INCLUDE_SOURCE;
				MTL_FAST_MATH = YES;
				ONLY_ACTIVE_ARCH = YES;
				SDKROOT = iphoneos;
				SWIFT_ACTIVE_COMPILATION_CONDITIONS = DEBUG;
				SWIFT_OPTIMIZATION_LEVEL = "-Onone";
			};
			name = Debug;
		};
		CAD8D2D22515CF1F00DDCD3D /* Release */ = {
			isa = XCBuildConfiguration;
			buildSettings = {
				ALWAYS_SEARCH_USER_PATHS = NO;
				CLANG_ANALYZER_NONNULL = YES;
				CLANG_ANALYZER_NUMBER_OBJECT_CONVERSION = YES_AGGRESSIVE;
				CLANG_CXX_LANGUAGE_STANDARD = "gnu++14";
				CLANG_CXX_LIBRARY = "libc++";
				CLANG_ENABLE_MODULES = YES;
				CLANG_ENABLE_OBJC_ARC = YES;
				CLANG_ENABLE_OBJC_WEAK = YES;
				CLANG_WARN_BLOCK_CAPTURE_AUTORELEASING = YES;
				CLANG_WARN_BOOL_CONVERSION = YES;
				CLANG_WARN_COMMA = YES;
				CLANG_WARN_CONSTANT_CONVERSION = YES;
				CLANG_WARN_DEPRECATED_OBJC_IMPLEMENTATIONS = YES;
				CLANG_WARN_DIRECT_OBJC_ISA_USAGE = YES_ERROR;
				CLANG_WARN_DOCUMENTATION_COMMENTS = YES;
				CLANG_WARN_EMPTY_BODY = YES;
				CLANG_WARN_ENUM_CONVERSION = YES;
				CLANG_WARN_INFINITE_RECURSION = YES;
				CLANG_WARN_INT_CONVERSION = YES;
				CLANG_WARN_NON_LITERAL_NULL_CONVERSION = YES;
				CLANG_WARN_OBJC_IMPLICIT_RETAIN_SELF = YES;
				CLANG_WARN_OBJC_LITERAL_CONVERSION = YES;
				CLANG_WARN_OBJC_ROOT_CLASS = YES_ERROR;
				CLANG_WARN_QUOTED_INCLUDE_IN_FRAMEWORK_HEADER = YES;
				CLANG_WARN_RANGE_LOOP_ANALYSIS = YES;
				CLANG_WARN_STRICT_PROTOTYPES = YES;
				CLANG_WARN_SUSPICIOUS_MOVE = YES;
				CLANG_WARN_UNGUARDED_AVAILABILITY = YES_AGGRESSIVE;
				CLANG_WARN_UNREACHABLE_CODE = YES;
				CLANG_WARN__DUPLICATE_METHOD_MATCH = YES;
				COPY_PHASE_STRIP = NO;
				DEBUG_INFORMATION_FORMAT = "dwarf-with-dsym";
				ENABLE_NS_ASSERTIONS = NO;
				ENABLE_STRICT_OBJC_MSGSEND = YES;
				GCC_C_LANGUAGE_STANDARD = gnu11;
				GCC_NO_COMMON_BLOCKS = YES;
				GCC_WARN_64_TO_32_BIT_CONVERSION = YES;
				GCC_WARN_ABOUT_RETURN_TYPE = YES_ERROR;
				GCC_WARN_UNDECLARED_SELECTOR = YES;
				GCC_WARN_UNINITIALIZED_AUTOS = YES_AGGRESSIVE;
				GCC_WARN_UNUSED_FUNCTION = YES;
				GCC_WARN_UNUSED_VARIABLE = YES;
				IPHONEOS_DEPLOYMENT_TARGET = 14.0;
				MTL_ENABLE_DEBUG_INFO = NO;
				MTL_FAST_MATH = YES;
				SDKROOT = iphoneos;
				SWIFT_COMPILATION_MODE = wholemodule;
				SWIFT_OPTIMIZATION_LEVEL = "-O";
				VALIDATE_PRODUCT = YES;
			};
			name = Release;
		};
		CAD8D2D42515CF1F00DDCD3D /* Debug */ = {
			isa = XCBuildConfiguration;
			baseConfigurationReference = 4E2E29C57CF500AF4917AAE5 /* Pods-dozeevital.debug.xcconfig */;
			buildSettings = {
				ASSETCATALOG_COMPILER_APPICON_NAME = AppIcon;
				ASSETCATALOG_COMPILER_GLOBAL_ACCENT_COLOR_NAME = AccentColor;
				CODE_SIGN_STYLE = Automatic;
				DEVELOPMENT_TEAM = R2GTG33X4G;
				INFOPLIST_FILE = dozeevital/Info.plist;
				IPHONEOS_DEPLOYMENT_TARGET = 13.0;
				LD_RUNPATH_SEARCH_PATHS = (
					"$(inherited)",
					"@executable_path/Frameworks",
				);
				PRODUCT_BUNDLE_IDENTIFIER = com.dozee.dozeevital;
				PRODUCT_NAME = "$(TARGET_NAME)";
				SWIFT_VERSION = 5.0;
				TARGETED_DEVICE_FAMILY = 1;
			};
			name = Debug;
		};
		CAD8D2D52515CF1F00DDCD3D /* Release */ = {
			isa = XCBuildConfiguration;
			baseConfigurationReference = BFB617C73AC8B4E42D8F0AF0 /* Pods-dozeevital.release.xcconfig */;
			buildSettings = {
				ASSETCATALOG_COMPILER_APPICON_NAME = AppIcon;
				ASSETCATALOG_COMPILER_GLOBAL_ACCENT_COLOR_NAME = AccentColor;
				CODE_SIGN_STYLE = Automatic;
				DEVELOPMENT_TEAM = R2GTG33X4G;
				INFOPLIST_FILE = dozeevital/Info.plist;
				IPHONEOS_DEPLOYMENT_TARGET = 13.0;
				LD_RUNPATH_SEARCH_PATHS = (
					"$(inherited)",
					"@executable_path/Frameworks",
				);
				PRODUCT_BUNDLE_IDENTIFIER = com.dozee.dozeevital;
				PRODUCT_NAME = "$(TARGET_NAME)";
				SWIFT_VERSION = 5.0;
				TARGETED_DEVICE_FAMILY = 1;
			};
			name = Release;
		};
		CAD8D2D72515CF1F00DDCD3D /* Debug */ = {
			isa = XCBuildConfiguration;
			baseConfigurationReference = C3AF83E57264725A73AEF683 /* Pods-dozeevitalTests.debug.xcconfig */;
			buildSettings = {
				ALWAYS_EMBED_SWIFT_STANDARD_LIBRARIES = YES;
				BUNDLE_LOADER = "$(TEST_HOST)";
				CODE_SIGN_STYLE = Automatic;
				INFOPLIST_FILE = dozeevitalTests/Info.plist;
				IPHONEOS_DEPLOYMENT_TARGET = 14.0;
				LD_RUNPATH_SEARCH_PATHS = (
					"$(inherited)",
					"@executable_path/Frameworks",
					"@loader_path/Frameworks",
				);
				PRODUCT_BUNDLE_IDENTIFIER = dozee.dozeevitalTests;
				PRODUCT_NAME = "$(TARGET_NAME)";
				SWIFT_VERSION = 5.0;
				TARGETED_DEVICE_FAMILY = "1,2";
				TEST_HOST = "$(BUILT_PRODUCTS_DIR)/dozeevital.app/dozeevital";
			};
			name = Debug;
		};
		CAD8D2D82515CF1F00DDCD3D /* Release */ = {
			isa = XCBuildConfiguration;
			baseConfigurationReference = B8EDD97579818E54834127B2 /* Pods-dozeevitalTests.release.xcconfig */;
			buildSettings = {
				ALWAYS_EMBED_SWIFT_STANDARD_LIBRARIES = YES;
				BUNDLE_LOADER = "$(TEST_HOST)";
				CODE_SIGN_STYLE = Automatic;
				INFOPLIST_FILE = dozeevitalTests/Info.plist;
				IPHONEOS_DEPLOYMENT_TARGET = 14.0;
				LD_RUNPATH_SEARCH_PATHS = (
					"$(inherited)",
					"@executable_path/Frameworks",
					"@loader_path/Frameworks",
				);
				PRODUCT_BUNDLE_IDENTIFIER = dozee.dozeevitalTests;
				PRODUCT_NAME = "$(TARGET_NAME)";
				SWIFT_VERSION = 5.0;
				TARGETED_DEVICE_FAMILY = "1,2";
				TEST_HOST = "$(BUILT_PRODUCTS_DIR)/dozeevital.app/dozeevital";
			};
			name = Release;
		};
		CAD8D2DA2515CF1F00DDCD3D /* Debug */ = {
			isa = XCBuildConfiguration;
			baseConfigurationReference = 98BE14B751E0A4EB8206D70D /* Pods-dozeevital-dozeevitalUITests.debug.xcconfig */;
			buildSettings = {
				ALWAYS_EMBED_SWIFT_STANDARD_LIBRARIES = YES;
				CODE_SIGN_STYLE = Automatic;
				INFOPLIST_FILE = dozeevitalUITests/Info.plist;
				LD_RUNPATH_SEARCH_PATHS = (
					"$(inherited)",
					"@executable_path/Frameworks",
					"@loader_path/Frameworks",
				);
				PRODUCT_BUNDLE_IDENTIFIER = dozee.dozeevitalUITests;
				PRODUCT_NAME = "$(TARGET_NAME)";
				SWIFT_VERSION = 5.0;
				TARGETED_DEVICE_FAMILY = "1,2";
				TEST_TARGET_NAME = dozeevital;
			};
			name = Debug;
		};
		CAD8D2DB2515CF1F00DDCD3D /* Release */ = {
			isa = XCBuildConfiguration;
			baseConfigurationReference = F8E4A1BB60FAB0BB215AF4A8 /* Pods-dozeevital-dozeevitalUITests.release.xcconfig */;
			buildSettings = {
				ALWAYS_EMBED_SWIFT_STANDARD_LIBRARIES = YES;
				CODE_SIGN_STYLE = Automatic;
				INFOPLIST_FILE = dozeevitalUITests/Info.plist;
				LD_RUNPATH_SEARCH_PATHS = (
					"$(inherited)",
					"@executable_path/Frameworks",
					"@loader_path/Frameworks",
				);
				PRODUCT_BUNDLE_IDENTIFIER = dozee.dozeevitalUITests;
				PRODUCT_NAME = "$(TARGET_NAME)";
				SWIFT_VERSION = 5.0;
				TARGETED_DEVICE_FAMILY = "1,2";
				TEST_TARGET_NAME = dozeevital;
			};
			name = Release;
		};
/* End XCBuildConfiguration section */

/* Begin XCConfigurationList section */
		CAD8D2A12515CF0F00DDCD3D /* Build configuration list for PBXProject "dozeevital" */ = {
			isa = XCConfigurationList;
			buildConfigurations = (
				CAD8D2D12515CF1F00DDCD3D /* Debug */,
				CAD8D2D22515CF1F00DDCD3D /* Release */,
			);
			defaultConfigurationIsVisible = 0;
			defaultConfigurationName = Release;
		};
		CAD8D2D32515CF1F00DDCD3D /* Build configuration list for PBXNativeTarget "dozeevital" */ = {
			isa = XCConfigurationList;
			buildConfigurations = (
				CAD8D2D42515CF1F00DDCD3D /* Debug */,
				CAD8D2D52515CF1F00DDCD3D /* Release */,
			);
			defaultConfigurationIsVisible = 0;
			defaultConfigurationName = Release;
		};
		CAD8D2D62515CF1F00DDCD3D /* Build configuration list for PBXNativeTarget "dozeevitalTests" */ = {
			isa = XCConfigurationList;
			buildConfigurations = (
				CAD8D2D72515CF1F00DDCD3D /* Debug */,
				CAD8D2D82515CF1F00DDCD3D /* Release */,
			);
			defaultConfigurationIsVisible = 0;
			defaultConfigurationName = Release;
		};
		CAD8D2D92515CF1F00DDCD3D /* Build configuration list for PBXNativeTarget "dozeevitalUITests" */ = {
			isa = XCConfigurationList;
			buildConfigurations = (
				CAD8D2DA2515CF1F00DDCD3D /* Debug */,
				CAD8D2DB2515CF1F00DDCD3D /* Release */,
			);
			defaultConfigurationIsVisible = 0;
			defaultConfigurationName = Release;
		};
/* End XCConfigurationList section */

/* Begin XCVersionGroup section */
		CAD8D2B22515CF1000DDCD3D /* dozeevital.xcdatamodeld */ = {
			isa = XCVersionGroup;
			children = (
				CAD8D2B32515CF1000DDCD3D /* dozeevital.xcdatamodel */,
			);
			currentVersion = CAD8D2B32515CF1000DDCD3D /* dozeevital.xcdatamodel */;
			path = dozeevital.xcdatamodeld;
			sourceTree = "<group>";
			versionGroupType = wrapper.xcdatamodel;
		};
/* End XCVersionGroup section */
	};
	rootObject = CAD8D29E2515CF0F00DDCD3D /* Project object */;
}
